// !$*UTF8*$!
{
	archiveVersion = 1;
	classes = {
	};
	objectVersion = 56;
	objects = {

/* Begin PBXBuildFile section */
		4E24577161EC49F795708746 /* subtitles.png in Resources */ = {isa = PBXBuildFile; fileRef = 28F2733407E54826B6E93AC2 /* subtitles.png */; };
		8F8A4EEF11F94AB2B11AD777 /* back-arrow.png in Resources */ = {isa = PBXBuildFile; fileRef = D160AC63894645548212EEF0 /* back-arrow.png */; };
		A001 /* FlixorMacApp.swift in Sources */ = {isa = PBXBuildFile; fileRef = B001 /* FlixorMacApp.swift */; };
		A002 /* RootView.swift in Sources */ = {isa = PBXBuildFile; fileRef = B002 /* RootView.swift */; };
		A003 /* SidebarView.swift in Sources */ = {isa = PBXBuildFile; fileRef = B003 /* SidebarView.swift */; };
		A004 /* User.swift in Sources */ = {isa = PBXBuildFile; fileRef = B004 /* User.swift */; };
		A005 /* APIError.swift in Sources */ = {isa = PBXBuildFile; fileRef = B005 /* APIError.swift */; };
		A006 /* APIClient.swift in Sources */ = {isa = PBXBuildFile; fileRef = B006 /* APIClient.swift */; };
		A007 /* KeychainHelper.swift in Sources */ = {isa = PBXBuildFile; fileRef = B007 /* KeychainHelper.swift */; };
		A008 /* SessionManager.swift in Sources */ = {isa = PBXBuildFile; fileRef = B008 /* SessionManager.swift */; };
		A009 /* PlexAuthView.swift in Sources */ = {isa = PBXBuildFile; fileRef = B009 /* PlexAuthView.swift */; };
		A010 /* PlexAuthViewModel.swift in Sources */ = {isa = PBXBuildFile; fileRef = B010 /* PlexAuthViewModel.swift */; };
		A011 /* SearchView.swift in Sources */ = {isa = PBXBuildFile; fileRef = B011 /* SearchView.swift */; };
		A012 /* LibraryView.swift in Sources */ = {isa = PBXBuildFile; fileRef = B012 /* LibraryView.swift */; };
		A014 /* NewPopularView.swift in Sources */ = {isa = PBXBuildFile; fileRef = B014 /* NewPopularView.swift */; };
		A015 /* SettingsView.swift in Sources */ = {isa = PBXBuildFile; fileRef = B015 /* SettingsView.swift */; };
		A016 /* UserDefaults+Extensions.swift in Sources */ = {isa = PBXBuildFile; fileRef = B016 /* UserDefaults+Extensions.swift */; };
		A017 /* CachedAsyncImage.swift in Sources */ = {isa = PBXBuildFile; fileRef = B017 /* CachedAsyncImage.swift */; };
		A018 /* ImageService.swift in Sources */ = {isa = PBXBuildFile; fileRef = B018 /* ImageService.swift */; };
		A019 /* PosterCard.swift in Sources */ = {isa = PBXBuildFile; fileRef = B019 /* PosterCard.swift */; };
		A020 /* LandscapeCard.swift in Sources */ = {isa = PBXBuildFile; fileRef = B020 /* LandscapeCard.swift */; };
		A021 /* ContinueCard.swift in Sources */ = {isa = PBXBuildFile; fileRef = B021 /* ContinueCard.swift */; };
		A022 /* CarouselView.swift in Sources */ = {isa = PBXBuildFile; fileRef = B022 /* CarouselView.swift */; };
		A023 /* BillboardView.swift in Sources */ = {isa = PBXBuildFile; fileRef = B023 /* BillboardView.swift */; };
		A024 /* VirtualGrid.swift in Sources */ = {isa = PBXBuildFile; fileRef = B024 /* VirtualGrid.swift */; };
		A025 /* SkeletonView.swift in Sources */ = {isa = PBXBuildFile; fileRef = B025 /* SkeletonView.swift */; };
		A027 /* ToastView.swift in Sources */ = {isa = PBXBuildFile; fileRef = B027 /* ToastView.swift */; };
		A028 /* HomeScreenData.swift in Sources */ = {isa = PBXBuildFile; fileRef = B028 /* HomeScreenData.swift */; };
		A029 /* HomeViewModel.swift in Sources */ = {isa = PBXBuildFile; fileRef = B029 /* HomeViewModel.swift */; };
		A030 /* HomeView.swift in Sources */ = {isa = PBXBuildFile; fileRef = B030 /* HomeView.swift */; };
		A031 /* Assets.xcassets in Resources */ = {isa = PBXBuildFile; fileRef = B031 /* Assets.xcassets */; };
		A032 /* BackendConfigViewModel.swift in Sources */ = {isa = PBXBuildFile; fileRef = B032 /* BackendConfigViewModel.swift */; };
		A033 /* BackendConfigView.swift in Sources */ = {isa = PBXBuildFile; fileRef = B033 /* BackendConfigView.swift */; };
		A034 /* Color+Theme.swift in Sources */ = {isa = PBXBuildFile; fileRef = B034 /* Color+Theme.swift */; };
		A035 /* DetailsView.swift in Sources */ = {isa = PBXBuildFile; fileRef = B035 /* DetailsView.swift */; };
		A036 /* PlayerView.swift in Sources */ = {isa = PBXBuildFile; fileRef = B036 /* PlayerView.swift */; };
		A037 /* DetailsViewModel.swift in Sources */ = {isa = PBXBuildFile; fileRef = B037 /* DetailsViewModel.swift */; };
		A038 /* MediaItem+Hashable.swift in Sources */ = {isa = PBXBuildFile; fileRef = B038 /* MediaItem+Hashable.swift */; };
		A039 /* DetailsTabsBar.swift in Sources */ = {isa = PBXBuildFile; fileRef = B039 /* DetailsTabsBar.swift */; };
		A040 /* SearchViewModel.swift in Sources */ = {isa = PBXBuildFile; fileRef = B040 /* SearchViewModel.swift */; };
		A041 /* PlayerViewModel.swift in Sources */ = {isa = PBXBuildFile; fileRef = B041 /* PlayerViewModel.swift */; };
		A042 /* PlexServer.swift in Sources */ = {isa = PBXBuildFile; fileRef = B042 /* PlexServer.swift */; };
		A043 /* LibraryViewModel.swift in Sources */ = {isa = PBXBuildFile; fileRef = B043 /* LibraryViewModel.swift */; };
		A044 /* LibraryFilterBarView.swift in Sources */ = {isa = PBXBuildFile; fileRef = B044 /* LibraryFilterBarView.swift */; };
		A045 /* CollectionsView.swift in Sources */ = {isa = PBXBuildFile; fileRef = B045 /* CollectionsView.swift */; };
		A046 /* WatchlistController.swift in Sources */ = {isa = PBXBuildFile; fileRef = B046 /* WatchlistController.swift */; };
		A047 /* MyListViewModel.swift in Sources */ = {isa = PBXBuildFile; fileRef = B047 /* MyListViewModel.swift */; };
		A048 /* MyListView.swift in Sources */ = {isa = PBXBuildFile; fileRef = B048 /* MyListView.swift */; };
		A049 /* WatchlistButton.swift in Sources */ = {isa = PBXBuildFile; fileRef = B049 /* WatchlistButton.swift */; };
		A050 /* MPVPlayerController.swift in Sources */ = {isa = PBXBuildFile; fileRef = B050 /* MPVPlayerController.swift */; };
		A051 /* PlayerBackend.swift in Sources */ = {isa = PBXBuildFile; fileRef = B051 /* PlayerBackend.swift */; };
		A052 /* MPVVideoView.swift in Sources */ = {isa = PBXBuildFile; fileRef = B052 /* MPVVideoView.swift */; };
		A053 /* replay10.svg in Resources */ = {isa = PBXBuildFile; fileRef = B053 /* replay10.svg */; };
		A054 /* forward10.svg in Resources */ = {isa = PBXBuildFile; fileRef = B054 /* forward10.svg */; };
		A055 /* replay10.png in Resources */ = {isa = PBXBuildFile; fileRef = B055 /* replay10.png */; };
		A056 /* forward10.png in Resources */ = {isa = PBXBuildFile; fileRef = B056 /* forward10.png */; };
		A057 /* pause.png in Resources */ = {isa = PBXBuildFile; fileRef = B057 /* pause.png */; };
		A058 /* play.png in Resources */ = {isa = PBXBuildFile; fileRef = B058 /* play.png */; };
		A059 /* next-episode.png in Resources */ = {isa = PBXBuildFile; fileRef = B059 /* next-episode.png */; };
		A060 /* episode-list.png in Resources */ = {isa = PBXBuildFile; fileRef = B060 /* episode-list.png */; };
		A061 /* fullscreen-exit.png in Resources */ = {isa = PBXBuildFile; fileRef = B061 /* fullscreen-exit.png */; };
		A062 /* fullscreen-enter.png in Resources */ = {isa = PBXBuildFile; fileRef = B062 /* fullscreen-enter.png */; };
		A063 /* playback-speed.png in Resources */ = {isa = PBXBuildFile; fileRef = B063 /* playback-speed.png */; };
		A064 /* thumbfast.lua in Resources */ = {isa = PBXBuildFile; fileRef = B064 /* thumbfast.lua */; };
		C8D6025C2E97EBB8002C9348 /* libsoxr.0.dylib in CopyFiles */ = {isa = PBXBuildFile; fileRef = C8D602152E97EBB4002C9348 /* libsoxr.0.dylib */; settings = {ATTRIBUTES = (CodeSignOnCopy, ); }; };
		C8D6025D2E97EBB8002C9348 /* libswscale.8.dylib in CopyFiles */ = {isa = PBXBuildFile; fileRef = C8D602162E97EBB4002C9348 /* libswscale.8.dylib */; settings = {ATTRIBUTES = (CodeSignOnCopy, ); }; };
		C8D6025E2E97EBB8002C9348 /* libwebpmux.3.dylib in CopyFiles */ = {isa = PBXBuildFile; fileRef = C8D602172E97EBB4002C9348 /* libwebpmux.3.dylib */; settings = {ATTRIBUTES = (CodeSignOnCopy, ); }; };
		C8D6025F2E97EBB8002C9348 /* libxcb.1.dylib in CopyFiles */ = {isa = PBXBuildFile; fileRef = C8D602182E97EBB4002C9348 /* libxcb.1.dylib */; settings = {ATTRIBUTES = (CodeSignOnCopy, ); }; };
		C8D602602E97EBB8002C9348 /* libnettle.8.dylib in CopyFiles */ = {isa = PBXBuildFile; fileRef = C8D602192E97EBB4002C9348 /* libnettle.8.dylib */; settings = {ATTRIBUTES = (CodeSignOnCopy, ); }; };
		C8D602612E97EBB8002C9348 /* libbrotlicommon.1.dylib in CopyFiles */ = {isa = PBXBuildFile; fileRef = C8D6021A2E97EBB4002C9348 /* libbrotlicommon.1.dylib */; settings = {ATTRIBUTES = (CodeSignOnCopy, ); }; };
		C8D602622E97EBB8002C9348 /* libsamplerate.0.dylib in CopyFiles */ = {isa = PBXBuildFile; fileRef = C8D6021B2E97EBB4002C9348 /* libsamplerate.0.dylib */; settings = {ATTRIBUTES = (CodeSignOnCopy, ); }; };
		C8D602632E97EBB8002C9348 /* libjxl_threads.0.10.dylib in CopyFiles */ = {isa = PBXBuildFile; fileRef = C8D6021C2E97EBB5002C9348 /* libjxl_threads.0.10.dylib */; settings = {ATTRIBUTES = (CodeSignOnCopy, ); }; };
		C8D602642E97EBB8002C9348 /* libavdevice.61.dylib in CopyFiles */ = {isa = PBXBuildFile; fileRef = C8D6021D2E97EBB5002C9348 /* libavdevice.61.dylib */; settings = {ATTRIBUTES = (CodeSignOnCopy, ); }; };
		C8D602652E97EBB8002C9348 /* libavformat.61.dylib in CopyFiles */ = {isa = PBXBuildFile; fileRef = C8D6021E2E97EBB5002C9348 /* libavformat.61.dylib */; settings = {ATTRIBUTES = (CodeSignOnCopy, ); }; };
		C8D602662E97EBB8002C9348 /* libidn2.0.dylib in CopyFiles */ = {isa = PBXBuildFile; fileRef = C8D6021F2E97EBB5002C9348 /* libidn2.0.dylib */; settings = {ATTRIBUTES = (CodeSignOnCopy, ); }; };
		C8D602672E97EBB8002C9348 /* libintl.8.dylib in CopyFiles */ = {isa = PBXBuildFile; fileRef = C8D602202E97EBB5002C9348 /* libintl.8.dylib */; settings = {ATTRIBUTES = (CodeSignOnCopy, ); }; };
		C8D602682E97EBB8002C9348 /* libuchardet.0.dylib in CopyFiles */ = {isa = PBXBuildFile; fileRef = C8D602212E97EBB5002C9348 /* libuchardet.0.dylib */; settings = {ATTRIBUTES = (CodeSignOnCopy, ); }; };
		C8D602692E97EBB8002C9348 /* libXdmcp.6.dylib in CopyFiles */ = {isa = PBXBuildFile; fileRef = C8D602222E97EBB5002C9348 /* libXdmcp.6.dylib */; settings = {ATTRIBUTES = (CodeSignOnCopy, ); }; };
		C8D6026A2E97EBB8002C9348 /* libgnutls.30.dylib in CopyFiles */ = {isa = PBXBuildFile; fileRef = C8D602232E97EBB5002C9348 /* libgnutls.30.dylib */; settings = {ATTRIBUTES = (CodeSignOnCopy, ); }; };
		C8D6026B2E97EBB8002C9348 /* libgmp.10.dylib in CopyFiles */ = {isa = PBXBuildFile; fileRef = C8D602242E97EBB5002C9348 /* libgmp.10.dylib */; settings = {ATTRIBUTES = (CodeSignOnCopy, ); }; };
		C8D6026C2E97EBB8002C9348 /* liblz4.1.dylib in CopyFiles */ = {isa = PBXBuildFile; fileRef = C8D602252E97EBB5002C9348 /* liblz4.1.dylib */; settings = {ATTRIBUTES = (CodeSignOnCopy, ); }; };
		C8D6026D2E97EBB8002C9348 /* libtasn1.6.dylib in CopyFiles */ = {isa = PBXBuildFile; fileRef = C8D602262E97EBB5002C9348 /* libtasn1.6.dylib */; settings = {ATTRIBUTES = (CodeSignOnCopy, ); }; };
		C8D6026E2E97EBB8002C9348 /* libmpv.2.dylib in CopyFiles */ = {isa = PBXBuildFile; fileRef = C8D602272E97EBB5002C9348 /* libmpv.2.dylib */; settings = {ATTRIBUTES = (CodeSignOnCopy, ); }; };
		C8D6026F2E97EBB8002C9348 /* libfontconfig.1.dylib in CopyFiles */ = {isa = PBXBuildFile; fileRef = C8D602282E97EBB5002C9348 /* libfontconfig.1.dylib */; settings = {ATTRIBUTES = (CodeSignOnCopy, ); }; };
		C8D602702E97EBB8002C9348 /* libunibreak.6.dylib in CopyFiles */ = {isa = PBXBuildFile; fileRef = C8D602292E97EBB5002C9348 /* libunibreak.6.dylib */; settings = {ATTRIBUTES = (CodeSignOnCopy, ); }; };
		C8D602712E97EBB8002C9348 /* libsharpyuv.0.dylib in CopyFiles */ = {isa = PBXBuildFile; fileRef = C8D6022A2E97EBB5002C9348 /* libsharpyuv.0.dylib */; settings = {ATTRIBUTES = (CodeSignOnCopy, ); }; };
		C8D602722E97EBB8002C9348 /* librubberband.2.dylib in CopyFiles */ = {isa = PBXBuildFile; fileRef = C8D6022B2E97EBB5002C9348 /* librubberband.2.dylib */; settings = {ATTRIBUTES = (CodeSignOnCopy, ); }; };
		C8D602732E97EBB8002C9348 /* libsodium.26.dylib in CopyFiles */ = {isa = PBXBuildFile; fileRef = C8D6022C2E97EBB5002C9348 /* libsodium.26.dylib */; settings = {ATTRIBUTES = (CodeSignOnCopy, ); }; };
		C8D602742E97EBB8002C9348 /* libgraphite2.3.dylib in CopyFiles */ = {isa = PBXBuildFile; fileRef = C8D6022D2E97EBB5002C9348 /* libgraphite2.3.dylib */; settings = {ATTRIBUTES = (CodeSignOnCopy, ); }; };
		C8D602752E97EBB8002C9348 /* libbluray.2.dylib in CopyFiles */ = {isa = PBXBuildFile; fileRef = C8D6022E2E97EBB5002C9348 /* libbluray.2.dylib */; settings = {ATTRIBUTES = (CodeSignOnCopy, ); }; };
		C8D602762E97EBB8002C9348 /* libavutil.59.dylib in CopyFiles */ = {isa = PBXBuildFile; fileRef = C8D6022F2E97EBB5002C9348 /* libavutil.59.dylib */; settings = {ATTRIBUTES = (CodeSignOnCopy, ); }; };
		C8D602772E97EBB8002C9348 /* libdav1d.7.dylib in CopyFiles */ = {isa = PBXBuildFile; fileRef = C8D602302E97EBB5002C9348 /* libdav1d.7.dylib */; settings = {ATTRIBUTES = (CodeSignOnCopy, ); }; };
		C8D602782E97EBB8002C9348 /* liblzma.5.dylib in CopyFiles */ = {isa = PBXBuildFile; fileRef = C8D602312E97EBB6002C9348 /* liblzma.5.dylib */; settings = {ATTRIBUTES = (CodeSignOnCopy, ); }; };
		C8D602792E97EBB8002C9348 /* libfribidi.0.dylib in CopyFiles */ = {isa = PBXBuildFile; fileRef = C8D602322E97EBB6002C9348 /* libfribidi.0.dylib */; settings = {ATTRIBUTES = (CodeSignOnCopy, ); }; };
		C8D6027A2E97EBB8002C9348 /* libspeex.1.dylib in CopyFiles */ = {isa = PBXBuildFile; fileRef = C8D602332E97EBB6002C9348 /* libspeex.1.dylib */; settings = {ATTRIBUTES = (CodeSignOnCopy, ); }; };
		C8D6027B2E97EBB8002C9348 /* libbrotlienc.1.dylib in CopyFiles */ = {isa = PBXBuildFile; fileRef = C8D602342E97EBB6002C9348 /* libbrotlienc.1.dylib */; settings = {ATTRIBUTES = (CodeSignOnCopy, ); }; };
		C8D6027C2E97EBB8002C9348 /* libwebp.7.dylib in CopyFiles */ = {isa = PBXBuildFile; fileRef = C8D602352E97EBB6002C9348 /* libwebp.7.dylib */; settings = {ATTRIBUTES = (CodeSignOnCopy, ); }; };
		C8D6027D2E97EBB8002C9348 /* libvulkan.1.dylib in CopyFiles */ = {isa = PBXBuildFile; fileRef = C8D602362E97EBB6002C9348 /* libvulkan.1.dylib */; settings = {ATTRIBUTES = (CodeSignOnCopy, ); }; };
		C8D6027E2E97EBB8002C9348 /* libzmq.5.dylib in CopyFiles */ = {isa = PBXBuildFile; fileRef = C8D602372E97EBB6002C9348 /* libzmq.5.dylib */; settings = {ATTRIBUTES = (CodeSignOnCopy, ); }; };
		C8D6027F2E97EBB8002C9348 /* libharfbuzz.0.dylib in CopyFiles */ = {isa = PBXBuildFile; fileRef = C8D602382E97EBB6002C9348 /* libharfbuzz.0.dylib */; settings = {ATTRIBUTES = (CodeSignOnCopy, ); }; };
		C8D602802E97EBB8002C9348 /* libX11.6.dylib in CopyFiles */ = {isa = PBXBuildFile; fileRef = C8D602392E97EBB6002C9348 /* libX11.6.dylib */; settings = {ATTRIBUTES = (CodeSignOnCopy, ); }; };
		C8D602812E97EBB8002C9348 /* libunistring.5.dylib in CopyFiles */ = {isa = PBXBuildFile; fileRef = C8D6023A2E97EBB6002C9348 /* libunistring.5.dylib */; settings = {ATTRIBUTES = (CodeSignOnCopy, ); }; };
		C8D602822E97EBB8002C9348 /* libstdc++.6.dylib in CopyFiles */ = {isa = PBXBuildFile; fileRef = C8D6023B2E97EBB6002C9348 /* libstdc++.6.dylib */; settings = {ATTRIBUTES = (CodeSignOnCopy, ); }; };
		C8D602832E97EBB8002C9348 /* libhogweed.6.dylib in CopyFiles */ = {isa = PBXBuildFile; fileRef = C8D6023C2E97EBB6002C9348 /* libhogweed.6.dylib */; settings = {ATTRIBUTES = (CodeSignOnCopy, ); }; };
		C8D602842E97EBB8002C9348 /* libswresample.5.dylib in CopyFiles */ = {isa = PBXBuildFile; fileRef = C8D6023D2E97EBB6002C9348 /* libswresample.5.dylib */; settings = {ATTRIBUTES = (CodeSignOnCopy, ); }; };
		C8D602852E97EBB8002C9348 /* libvidstab.1.2.dylib in CopyFiles */ = {isa = PBXBuildFile; fileRef = C8D6023E2E97EBB6002C9348 /* libvidstab.1.2.dylib */; settings = {ATTRIBUTES = (CodeSignOnCopy, ); }; };
		C8D602862E97EBB8002C9348 /* libshaderc_shared.1.dylib in CopyFiles */ = {isa = PBXBuildFile; fileRef = C8D6023F2E97EBB6002C9348 /* libshaderc_shared.1.dylib */; settings = {ATTRIBUTES = (CodeSignOnCopy, ); }; };
		C8D602872E97EBB8002C9348 /* libmujs.dylib in CopyFiles */ = {isa = PBXBuildFile; fileRef = C8D602402E97EBB6002C9348 /* libmujs.dylib */; settings = {ATTRIBUTES = (CodeSignOnCopy, ); }; };
		C8D602882E97EBB8002C9348 /* libbrotlidec.1.dylib in CopyFiles */ = {isa = PBXBuildFile; fileRef = C8D602412E97EBB6002C9348 /* libbrotlidec.1.dylib */; settings = {ATTRIBUTES = (CodeSignOnCopy, ); }; };
		C8D602892E97EBB8002C9348 /* libarchive.13.dylib in CopyFiles */ = {isa = PBXBuildFile; fileRef = C8D602422E97EBB6002C9348 /* libarchive.13.dylib */; settings = {ATTRIBUTES = (CodeSignOnCopy, ); }; };
		C8D6028A2E97EBB8002C9348 /* libxcb-shape.0.dylib in CopyFiles */ = {isa = PBXBuildFile; fileRef = C8D602432E97EBB6002C9348 /* libxcb-shape.0.dylib */; settings = {ATTRIBUTES = (CodeSignOnCopy, ); }; };
		C8D6028B2E97EBB8002C9348 /* libxcb-xfixes.0.dylib in CopyFiles */ = {isa = PBXBuildFile; fileRef = C8D602442E97EBB6002C9348 /* libxcb-xfixes.0.dylib */; settings = {ATTRIBUTES = (CodeSignOnCopy, ); }; };
		C8D6028C2E97EBB8002C9348 /* libplacebo.338.dylib in CopyFiles */ = {isa = PBXBuildFile; fileRef = C8D602452E97EBB6002C9348 /* libplacebo.338.dylib */; settings = {ATTRIBUTES = (CodeSignOnCopy, ); }; };
		C8D6028D2E97EBB8002C9348 /* libjxl_cms.0.10.dylib in CopyFiles */ = {isa = PBXBuildFile; fileRef = C8D602462E97EBB6002C9348 /* libjxl_cms.0.10.dylib */; settings = {ATTRIBUTES = (CodeSignOnCopy, ); }; };
		C8D6028E2E97EBB8002C9348 /* libgcc_s.1.1.dylib in CopyFiles */ = {isa = PBXBuildFile; fileRef = C8D602472E97EBB7002C9348 /* libgcc_s.1.1.dylib */; settings = {ATTRIBUTES = (CodeSignOnCopy, ); }; };
		C8D6028F2E97EBB8002C9348 /* libb2.1.dylib in CopyFiles */ = {isa = PBXBuildFile; fileRef = C8D602482E97EBB7002C9348 /* libb2.1.dylib */; settings = {ATTRIBUTES = (CodeSignOnCopy, ); }; };
		C8D602902E97EBB8002C9348 /* libpng16.16.dylib in CopyFiles */ = {isa = PBXBuildFile; fileRef = C8D602492E97EBB7002C9348 /* libpng16.16.dylib */; settings = {ATTRIBUTES = (CodeSignOnCopy, ); }; };
		C8D602912E97EBB8002C9348 /* libjxl.0.10.dylib in CopyFiles */ = {isa = PBXBuildFile; fileRef = C8D6024A2E97EBB7002C9348 /* libjxl.0.10.dylib */; settings = {ATTRIBUTES = (CodeSignOnCopy, ); }; };
		C8D602922E97EBB8002C9348 /* libfreetype.6.dylib in CopyFiles */ = {isa = PBXBuildFile; fileRef = C8D6024B2E97EBB7002C9348 /* libfreetype.6.dylib */; settings = {ATTRIBUTES = (CodeSignOnCopy, ); }; };
		C8D602932E97EBB8002C9348 /* libavfilter.10.dylib in CopyFiles */ = {isa = PBXBuildFile; fileRef = C8D6024C2E97EBB7002C9348 /* libavfilter.10.dylib */; settings = {ATTRIBUTES = (CodeSignOnCopy, ); }; };
		C8D602942E97EBB8002C9348 /* libpostproc.58.dylib in CopyFiles */ = {isa = PBXBuildFile; fileRef = C8D6024D2E97EBB7002C9348 /* libpostproc.58.dylib */; settings = {ATTRIBUTES = (CodeSignOnCopy, ); }; };
		C8D602952E97EBB8002C9348 /* libluajit-5.1.2.dylib in CopyFiles */ = {isa = PBXBuildFile; fileRef = C8D6024E2E97EBB7002C9348 /* libluajit-5.1.2.dylib */; settings = {ATTRIBUTES = (CodeSignOnCopy, ); }; };
		C8D602962E97EBB8002C9348 /* libpcre2-8.0.dylib in CopyFiles */ = {isa = PBXBuildFile; fileRef = C8D6024F2E97EBB7002C9348 /* libpcre2-8.0.dylib */; settings = {ATTRIBUTES = (CodeSignOnCopy, ); }; };
		C8D602972E97EBB8002C9348 /* libxcb-shm.0.dylib in CopyFiles */ = {isa = PBXBuildFile; fileRef = C8D602502E97EBB7002C9348 /* libxcb-shm.0.dylib */; settings = {ATTRIBUTES = (CodeSignOnCopy, ); }; };
		C8D602982E97EBB8002C9348 /* libass.9.dylib in CopyFiles */ = {isa = PBXBuildFile; fileRef = C8D602512E97EBB7002C9348 /* libass.9.dylib */; settings = {ATTRIBUTES = (CodeSignOnCopy, ); }; };
		C8D602992E97EBB8002C9348 /* libsnappy.1.dylib in CopyFiles */ = {isa = PBXBuildFile; fileRef = C8D602522E97EBB7002C9348 /* libsnappy.1.dylib */; settings = {ATTRIBUTES = (CodeSignOnCopy, ); }; };
		C8D6029A2E97EBB8002C9348 /* libp11-kit.0.dylib in CopyFiles */ = {isa = PBXBuildFile; fileRef = C8D602532E97EBB7002C9348 /* libp11-kit.0.dylib */; settings = {ATTRIBUTES = (CodeSignOnCopy, ); }; };
		C8D6029B2E97EBB8002C9348 /* libXau.6.dylib in CopyFiles */ = {isa = PBXBuildFile; fileRef = C8D602542E97EBB7002C9348 /* libXau.6.dylib */; settings = {ATTRIBUTES = (CodeSignOnCopy, ); }; };
		C8D6029C2E97EBB8002C9348 /* libzimg.2.dylib in CopyFiles */ = {isa = PBXBuildFile; fileRef = C8D602552E97EBB7002C9348 /* libzimg.2.dylib */; settings = {ATTRIBUTES = (CodeSignOnCopy, ); }; };
		C8D6029D2E97EBB8002C9348 /* libavcodec.61.dylib in CopyFiles */ = {isa = PBXBuildFile; fileRef = C8D602562E97EBB7002C9348 /* libavcodec.61.dylib */; settings = {ATTRIBUTES = (CodeSignOnCopy, ); }; };
		C8D6029E2E97EBB8002C9348 /* libjpeg.8.dylib in CopyFiles */ = {isa = PBXBuildFile; fileRef = C8D602572E97EBB7002C9348 /* libjpeg.8.dylib */; settings = {ATTRIBUTES = (CodeSignOnCopy, ); }; };
		C8D6029F2E97EBB8002C9348 /* libglib-2.0.0.dylib in CopyFiles */ = {isa = PBXBuildFile; fileRef = C8D602582E97EBB7002C9348 /* libglib-2.0.0.dylib */; settings = {ATTRIBUTES = (CodeSignOnCopy, ); }; };
		C8D602A02E97EBB8002C9348 /* libhwy.1.dylib in CopyFiles */ = {isa = PBXBuildFile; fileRef = C8D602592E97EBB7002C9348 /* libhwy.1.dylib */; settings = {ATTRIBUTES = (CodeSignOnCopy, ); }; };
		C8D602A12E97EBB8002C9348 /* libzstd.1.dylib in CopyFiles */ = {isa = PBXBuildFile; fileRef = C8D6025A2E97EBB7002C9348 /* libzstd.1.dylib */; settings = {ATTRIBUTES = (CodeSignOnCopy, ); }; };
		C8D602A22E97EBB8002C9348 /* liblcms2.2.dylib in CopyFiles */ = {isa = PBXBuildFile; fileRef = C8D6025B2E97EBB7002C9348 /* liblcms2.2.dylib */; settings = {ATTRIBUTES = (CodeSignOnCopy, ); }; };
		C8D602A42E97F7D9002C9348 /* MPVVideoLayer.swift in Sources */ = {isa = PBXBuildFile; fileRef = C8D602A32E97F7D9002C9348 /* MPVVideoLayer.swift */; };
		C8D602AE2E990765002C9348 /* BGRAImageReader.swift in Sources */ = {isa = PBXBuildFile; fileRef = C8D602AB2E990765002C9348 /* BGRAImageReader.swift */; };
		C8D602AF2E990765002C9348 /* MPVThumbnailGenerator.swift in Sources */ = {isa = PBXBuildFile; fileRef = C8D602AC2E990765002C9348 /* MPVThumbnailGenerator.swift */; };
		C8D602B02E990765002C9348 /* ThumbnailCache.swift in Sources */ = {isa = PBXBuildFile; fileRef = C8D602AD2E990765002C9348 /* ThumbnailCache.swift */; };
		C8D602B12E990765002C9348 /* ThumbnailMPVPlayer.swift in Sources */ = {isa = PBXBuildFile; fileRef = C8D602B22E990765002C9348 /* ThumbnailMPVPlayer.swift */; };
/* End PBXBuildFile section */

/* Begin PBXCopyFilesBuildPhase section */
		C8D602142E97EB25002C9348 /* CopyFiles */ = {
			isa = PBXCopyFilesBuildPhase;
			buildActionMask = 2147483647;
			dstPath = "";
			dstSubfolderSpec = 10;
			files = (
				C8D6025C2E97EBB8002C9348 /* libsoxr.0.dylib in CopyFiles */,
				C8D6025D2E97EBB8002C9348 /* libswscale.8.dylib in CopyFiles */,
				C8D6025E2E97EBB8002C9348 /* libwebpmux.3.dylib in CopyFiles */,
				C8D6025F2E97EBB8002C9348 /* libxcb.1.dylib in CopyFiles */,
				C8D602602E97EBB8002C9348 /* libnettle.8.dylib in CopyFiles */,
				C8D602612E97EBB8002C9348 /* libbrotlicommon.1.dylib in CopyFiles */,
				C8D602622E97EBB8002C9348 /* libsamplerate.0.dylib in CopyFiles */,
				C8D602632E97EBB8002C9348 /* libjxl_threads.0.10.dylib in CopyFiles */,
				C8D602642E97EBB8002C9348 /* libavdevice.61.dylib in CopyFiles */,
				C8D602652E97EBB8002C9348 /* libavformat.61.dylib in CopyFiles */,
				C8D602662E97EBB8002C9348 /* libidn2.0.dylib in CopyFiles */,
				C8D602672E97EBB8002C9348 /* libintl.8.dylib in CopyFiles */,
				C8D602682E97EBB8002C9348 /* libuchardet.0.dylib in CopyFiles */,
				C8D602692E97EBB8002C9348 /* libXdmcp.6.dylib in CopyFiles */,
				C8D6026A2E97EBB8002C9348 /* libgnutls.30.dylib in CopyFiles */,
				C8D6026B2E97EBB8002C9348 /* libgmp.10.dylib in CopyFiles */,
				C8D6026C2E97EBB8002C9348 /* liblz4.1.dylib in CopyFiles */,
				C8D6026D2E97EBB8002C9348 /* libtasn1.6.dylib in CopyFiles */,
				C8D6026E2E97EBB8002C9348 /* libmpv.2.dylib in CopyFiles */,
				C8D6026F2E97EBB8002C9348 /* libfontconfig.1.dylib in CopyFiles */,
				C8D602702E97EBB8002C9348 /* libunibreak.6.dylib in CopyFiles */,
				C8D602712E97EBB8002C9348 /* libsharpyuv.0.dylib in CopyFiles */,
				C8D602722E97EBB8002C9348 /* librubberband.2.dylib in CopyFiles */,
				C8D602732E97EBB8002C9348 /* libsodium.26.dylib in CopyFiles */,
				C8D602742E97EBB8002C9348 /* libgraphite2.3.dylib in CopyFiles */,
				C8D602752E97EBB8002C9348 /* libbluray.2.dylib in CopyFiles */,
				C8D602762E97EBB8002C9348 /* libavutil.59.dylib in CopyFiles */,
				C8D602772E97EBB8002C9348 /* libdav1d.7.dylib in CopyFiles */,
				C8D602782E97EBB8002C9348 /* liblzma.5.dylib in CopyFiles */,
				C8D602792E97EBB8002C9348 /* libfribidi.0.dylib in CopyFiles */,
				C8D6027A2E97EBB8002C9348 /* libspeex.1.dylib in CopyFiles */,
				C8D6027B2E97EBB8002C9348 /* libbrotlienc.1.dylib in CopyFiles */,
				C8D6027C2E97EBB8002C9348 /* libwebp.7.dylib in CopyFiles */,
				C8D6027D2E97EBB8002C9348 /* libvulkan.1.dylib in CopyFiles */,
				C8D6027E2E97EBB8002C9348 /* libzmq.5.dylib in CopyFiles */,
				C8D6027F2E97EBB8002C9348 /* libharfbuzz.0.dylib in CopyFiles */,
				C8D602802E97EBB8002C9348 /* libX11.6.dylib in CopyFiles */,
				C8D602812E97EBB8002C9348 /* libunistring.5.dylib in CopyFiles */,
				C8D602822E97EBB8002C9348 /* libstdc++.6.dylib in CopyFiles */,
				C8D602832E97EBB8002C9348 /* libhogweed.6.dylib in CopyFiles */,
				C8D602842E97EBB8002C9348 /* libswresample.5.dylib in CopyFiles */,
				C8D602852E97EBB8002C9348 /* libvidstab.1.2.dylib in CopyFiles */,
				C8D602862E97EBB8002C9348 /* libshaderc_shared.1.dylib in CopyFiles */,
				C8D602872E97EBB8002C9348 /* libmujs.dylib in CopyFiles */,
				C8D602882E97EBB8002C9348 /* libbrotlidec.1.dylib in CopyFiles */,
				C8D602892E97EBB8002C9348 /* libarchive.13.dylib in CopyFiles */,
				C8D6028A2E97EBB8002C9348 /* libxcb-shape.0.dylib in CopyFiles */,
				C8D6028B2E97EBB8002C9348 /* libxcb-xfixes.0.dylib in CopyFiles */,
				C8D6028C2E97EBB8002C9348 /* libplacebo.338.dylib in CopyFiles */,
				C8D6028D2E97EBB8002C9348 /* libjxl_cms.0.10.dylib in CopyFiles */,
				C8D6028E2E97EBB8002C9348 /* libgcc_s.1.1.dylib in CopyFiles */,
				C8D6028F2E97EBB8002C9348 /* libb2.1.dylib in CopyFiles */,
				C8D602902E97EBB8002C9348 /* libpng16.16.dylib in CopyFiles */,
				C8D602912E97EBB8002C9348 /* libjxl.0.10.dylib in CopyFiles */,
				C8D602922E97EBB8002C9348 /* libfreetype.6.dylib in CopyFiles */,
				C8D602932E97EBB8002C9348 /* libavfilter.10.dylib in CopyFiles */,
				C8D602942E97EBB8002C9348 /* libpostproc.58.dylib in CopyFiles */,
				C8D602952E97EBB8002C9348 /* libluajit-5.1.2.dylib in CopyFiles */,
				C8D602962E97EBB8002C9348 /* libpcre2-8.0.dylib in CopyFiles */,
				C8D602972E97EBB8002C9348 /* libxcb-shm.0.dylib in CopyFiles */,
				C8D602982E97EBB8002C9348 /* libass.9.dylib in CopyFiles */,
				C8D602992E97EBB8002C9348 /* libsnappy.1.dylib in CopyFiles */,
				C8D6029A2E97EBB8002C9348 /* libp11-kit.0.dylib in CopyFiles */,
				C8D6029B2E97EBB8002C9348 /* libXau.6.dylib in CopyFiles */,
				C8D6029C2E97EBB8002C9348 /* libzimg.2.dylib in CopyFiles */,
				C8D6029D2E97EBB8002C9348 /* libavcodec.61.dylib in CopyFiles */,
				C8D6029E2E97EBB8002C9348 /* libjpeg.8.dylib in CopyFiles */,
				C8D6029F2E97EBB8002C9348 /* libglib-2.0.0.dylib in CopyFiles */,
				C8D602A02E97EBB8002C9348 /* libhwy.1.dylib in CopyFiles */,
				C8D602A12E97EBB8002C9348 /* libzstd.1.dylib in CopyFiles */,
				C8D602A22E97EBB8002C9348 /* liblcms2.2.dylib in CopyFiles */,
			);
			runOnlyForDeploymentPostprocessing = 0;
		};
/* End PBXCopyFilesBuildPhase section */

/* Begin PBXFileReference section */
		28F2733407E54826B6E93AC2 /* subtitles.png */ = {isa = PBXFileReference; lastKnownFileType = image.png; path = subtitles.png; sourceTree = "<group>"; };
		B001 /* FlixorMacApp.swift */ = {isa = PBXFileReference; lastKnownFileType = sourcecode.swift; path = FlixorMacApp.swift; sourceTree = "<group>"; };
		B002 /* RootView.swift */ = {isa = PBXFileReference; lastKnownFileType = sourcecode.swift; path = RootView.swift; sourceTree = "<group>"; };
		B003 /* SidebarView.swift */ = {isa = PBXFileReference; lastKnownFileType = sourcecode.swift; path = SidebarView.swift; sourceTree = "<group>"; };
		B004 /* User.swift */ = {isa = PBXFileReference; lastKnownFileType = sourcecode.swift; path = User.swift; sourceTree = "<group>"; };
		B005 /* APIError.swift */ = {isa = PBXFileReference; lastKnownFileType = sourcecode.swift; path = APIError.swift; sourceTree = "<group>"; };
		B006 /* APIClient.swift */ = {isa = PBXFileReference; lastKnownFileType = sourcecode.swift; path = APIClient.swift; sourceTree = "<group>"; };
		B007 /* KeychainHelper.swift */ = {isa = PBXFileReference; lastKnownFileType = sourcecode.swift; path = KeychainHelper.swift; sourceTree = "<group>"; };
		B008 /* SessionManager.swift */ = {isa = PBXFileReference; lastKnownFileType = sourcecode.swift; path = SessionManager.swift; sourceTree = "<group>"; };
		B009 /* PlexAuthView.swift */ = {isa = PBXFileReference; lastKnownFileType = sourcecode.swift; path = PlexAuthView.swift; sourceTree = "<group>"; };
		B010 /* PlexAuthViewModel.swift */ = {isa = PBXFileReference; lastKnownFileType = sourcecode.swift; path = PlexAuthViewModel.swift; sourceTree = "<group>"; };
		B011 /* SearchView.swift */ = {isa = PBXFileReference; lastKnownFileType = sourcecode.swift; path = SearchView.swift; sourceTree = "<group>"; };
		B012 /* LibraryView.swift */ = {isa = PBXFileReference; lastKnownFileType = sourcecode.swift; path = LibraryView.swift; sourceTree = "<group>"; };
		B014 /* NewPopularView.swift */ = {isa = PBXFileReference; lastKnownFileType = sourcecode.swift; path = NewPopularView.swift; sourceTree = "<group>"; };
		B015 /* SettingsView.swift */ = {isa = PBXFileReference; lastKnownFileType = sourcecode.swift; path = SettingsView.swift; sourceTree = "<group>"; };
		B016 /* UserDefaults+Extensions.swift */ = {isa = PBXFileReference; lastKnownFileType = sourcecode.swift; path = "UserDefaults+Extensions.swift"; sourceTree = "<group>"; };
		B017 /* CachedAsyncImage.swift */ = {isa = PBXFileReference; lastKnownFileType = sourcecode.swift; path = CachedAsyncImage.swift; sourceTree = "<group>"; };
		B018 /* ImageService.swift */ = {isa = PBXFileReference; lastKnownFileType = sourcecode.swift; path = ImageService.swift; sourceTree = "<group>"; };
		B019 /* PosterCard.swift */ = {isa = PBXFileReference; lastKnownFileType = sourcecode.swift; path = PosterCard.swift; sourceTree = "<group>"; };
		B020 /* LandscapeCard.swift */ = {isa = PBXFileReference; lastKnownFileType = sourcecode.swift; path = LandscapeCard.swift; sourceTree = "<group>"; };
		B021 /* ContinueCard.swift */ = {isa = PBXFileReference; lastKnownFileType = sourcecode.swift; path = ContinueCard.swift; sourceTree = "<group>"; };
		B022 /* CarouselView.swift */ = {isa = PBXFileReference; lastKnownFileType = sourcecode.swift; path = CarouselView.swift; sourceTree = "<group>"; };
		B023 /* BillboardView.swift */ = {isa = PBXFileReference; lastKnownFileType = sourcecode.swift; path = BillboardView.swift; sourceTree = "<group>"; };
		B024 /* VirtualGrid.swift */ = {isa = PBXFileReference; lastKnownFileType = sourcecode.swift; path = VirtualGrid.swift; sourceTree = "<group>"; };
		B025 /* SkeletonView.swift */ = {isa = PBXFileReference; lastKnownFileType = sourcecode.swift; path = SkeletonView.swift; sourceTree = "<group>"; };
		B027 /* ToastView.swift */ = {isa = PBXFileReference; lastKnownFileType = sourcecode.swift; path = ToastView.swift; sourceTree = "<group>"; };
		B028 /* HomeScreenData.swift */ = {isa = PBXFileReference; lastKnownFileType = sourcecode.swift; path = HomeScreenData.swift; sourceTree = "<group>"; };
		B029 /* HomeViewModel.swift */ = {isa = PBXFileReference; lastKnownFileType = sourcecode.swift; path = HomeViewModel.swift; sourceTree = "<group>"; };
		B030 /* HomeView.swift */ = {isa = PBXFileReference; lastKnownFileType = sourcecode.swift; path = HomeView.swift; sourceTree = "<group>"; };
		B031 /* Assets.xcassets */ = {isa = PBXFileReference; lastKnownFileType = folder.assetcatalog; path = Assets.xcassets; sourceTree = "<group>"; };
		B032 /* BackendConfigViewModel.swift */ = {isa = PBXFileReference; lastKnownFileType = sourcecode.swift; path = BackendConfigViewModel.swift; sourceTree = "<group>"; };
		B033 /* BackendConfigView.swift */ = {isa = PBXFileReference; lastKnownFileType = sourcecode.swift; path = BackendConfigView.swift; sourceTree = "<group>"; };
		B034 /* Color+Theme.swift */ = {isa = PBXFileReference; lastKnownFileType = sourcecode.swift; path = "Color+Theme.swift"; sourceTree = "<group>"; };
		B035 /* DetailsView.swift */ = {isa = PBXFileReference; lastKnownFileType = sourcecode.swift; path = DetailsView.swift; sourceTree = "<group>"; };
		B036 /* PlayerView.swift */ = {isa = PBXFileReference; lastKnownFileType = sourcecode.swift; path = PlayerView.swift; sourceTree = "<group>"; };
		B037 /* DetailsViewModel.swift */ = {isa = PBXFileReference; lastKnownFileType = sourcecode.swift; path = DetailsViewModel.swift; sourceTree = "<group>"; };
		B038 /* MediaItem+Hashable.swift */ = {isa = PBXFileReference; lastKnownFileType = sourcecode.swift; path = "MediaItem+Hashable.swift"; sourceTree = "<group>"; };
		B039 /* DetailsTabsBar.swift */ = {isa = PBXFileReference; lastKnownFileType = sourcecode.swift; path = DetailsTabsBar.swift; sourceTree = "<group>"; };
		B040 /* SearchViewModel.swift */ = {isa = PBXFileReference; lastKnownFileType = sourcecode.swift; path = SearchViewModel.swift; sourceTree = "<group>"; };
		B041 /* PlayerViewModel.swift */ = {isa = PBXFileReference; lastKnownFileType = sourcecode.swift; path = PlayerViewModel.swift; sourceTree = "<group>"; };
		B042 /* PlexServer.swift */ = {isa = PBXFileReference; lastKnownFileType = sourcecode.swift; path = PlexServer.swift; sourceTree = "<group>"; };
		B043 /* LibraryViewModel.swift */ = {isa = PBXFileReference; lastKnownFileType = sourcecode.swift; path = LibraryViewModel.swift; sourceTree = "<group>"; };
		B044 /* LibraryFilterBarView.swift */ = {isa = PBXFileReference; lastKnownFileType = sourcecode.swift; path = LibraryFilterBarView.swift; sourceTree = "<group>"; };
		B045 /* CollectionsView.swift */ = {isa = PBXFileReference; lastKnownFileType = sourcecode.swift; path = CollectionsView.swift; sourceTree = "<group>"; };
		B046 /* WatchlistController.swift */ = {isa = PBXFileReference; lastKnownFileType = sourcecode.swift; path = WatchlistController.swift; sourceTree = "<group>"; };
		B047 /* MyListViewModel.swift */ = {isa = PBXFileReference; lastKnownFileType = sourcecode.swift; path = MyListViewModel.swift; sourceTree = "<group>"; };
		B048 /* MyListView.swift */ = {isa = PBXFileReference; lastKnownFileType = sourcecode.swift; path = MyListView.swift; sourceTree = "<group>"; };
		B049 /* WatchlistButton.swift */ = {isa = PBXFileReference; lastKnownFileType = sourcecode.swift; path = WatchlistButton.swift; sourceTree = "<group>"; };
		B050 /* MPVPlayerController.swift */ = {isa = PBXFileReference; lastKnownFileType = sourcecode.swift; path = MPVPlayerController.swift; sourceTree = "<group>"; };
		B051 /* PlayerBackend.swift */ = {isa = PBXFileReference; lastKnownFileType = sourcecode.swift; path = PlayerBackend.swift; sourceTree = "<group>"; };
		B052 /* MPVVideoView.swift */ = {isa = PBXFileReference; lastKnownFileType = sourcecode.swift; path = MPVVideoView.swift; sourceTree = "<group>"; };
		B053 /* replay10.svg */ = {isa = PBXFileReference; lastKnownFileType = text.xml; path = replay10.svg; sourceTree = "<group>"; };
		B054 /* forward10.svg */ = {isa = PBXFileReference; lastKnownFileType = text.xml; path = forward10.svg; sourceTree = "<group>"; };
		B055 /* replay10.png */ = {isa = PBXFileReference; lastKnownFileType = image.png; path = replay10.png; sourceTree = "<group>"; };
		B056 /* forward10.png */ = {isa = PBXFileReference; lastKnownFileType = image.png; path = forward10.png; sourceTree = "<group>"; };
		B057 /* pause.png */ = {isa = PBXFileReference; lastKnownFileType = image.png; path = pause.png; sourceTree = "<group>"; };
		B058 /* play.png */ = {isa = PBXFileReference; lastKnownFileType = image.png; path = play.png; sourceTree = "<group>"; };
		B059 /* next-episode.png */ = {isa = PBXFileReference; lastKnownFileType = image.png; path = "next-episode.png"; sourceTree = "<group>"; };
		B060 /* episode-list.png */ = {isa = PBXFileReference; lastKnownFileType = image.png; path = "episode-list.png"; sourceTree = "<group>"; };
		B061 /* fullscreen-exit.png */ = {isa = PBXFileReference; lastKnownFileType = image.png; path = "fullscreen-exit.png"; sourceTree = "<group>"; };
		B062 /* fullscreen-enter.png */ = {isa = PBXFileReference; lastKnownFileType = image.png; path = "fullscreen-enter.png"; sourceTree = "<group>"; };
		B063 /* playback-speed.png */ = {isa = PBXFileReference; lastKnownFileType = image.png; path = "playback-speed.png"; sourceTree = "<group>"; };
		B064 /* thumbfast.lua */ = {isa = PBXFileReference; lastKnownFileType = text.script.lua; path = thumbfast.lua; sourceTree = "<group>"; };
		B999 /* FlixorMac.app */ = {isa = PBXFileReference; explicitFileType = wrapper.application; includeInIndex = 0; path = FlixorMac.app; sourceTree = BUILT_PRODUCTS_DIR; };
		C8D602152E97EBB4002C9348 /* libsoxr.0.dylib */ = {isa = PBXFileReference; lastKnownFileType = "compiled.mach-o.dylib"; name = libsoxr.0.dylib; path = deps/lib/libsoxr.0.dylib; sourceTree = "<group>"; };
		C8D602162E97EBB4002C9348 /* libswscale.8.dylib */ = {isa = PBXFileReference; lastKnownFileType = "compiled.mach-o.dylib"; name = libswscale.8.dylib; path = deps/lib/libswscale.8.dylib; sourceTree = "<group>"; };
		C8D602172E97EBB4002C9348 /* libwebpmux.3.dylib */ = {isa = PBXFileReference; lastKnownFileType = "compiled.mach-o.dylib"; name = libwebpmux.3.dylib; path = deps/lib/libwebpmux.3.dylib; sourceTree = "<group>"; };
		C8D602182E97EBB4002C9348 /* libxcb.1.dylib */ = {isa = PBXFileReference; lastKnownFileType = "compiled.mach-o.dylib"; name = libxcb.1.dylib; path = deps/lib/libxcb.1.dylib; sourceTree = "<group>"; };
		C8D602192E97EBB4002C9348 /* libnettle.8.dylib */ = {isa = PBXFileReference; lastKnownFileType = "compiled.mach-o.dylib"; name = libnettle.8.dylib; path = deps/lib/libnettle.8.dylib; sourceTree = "<group>"; };
		C8D6021A2E97EBB4002C9348 /* libbrotlicommon.1.dylib */ = {isa = PBXFileReference; lastKnownFileType = "compiled.mach-o.dylib"; name = libbrotlicommon.1.dylib; path = deps/lib/libbrotlicommon.1.dylib; sourceTree = "<group>"; };
		C8D6021B2E97EBB4002C9348 /* libsamplerate.0.dylib */ = {isa = PBXFileReference; lastKnownFileType = "compiled.mach-o.dylib"; name = libsamplerate.0.dylib; path = deps/lib/libsamplerate.0.dylib; sourceTree = "<group>"; };
		C8D6021C2E97EBB5002C9348 /* libjxl_threads.0.10.dylib */ = {isa = PBXFileReference; lastKnownFileType = "compiled.mach-o.dylib"; name = libjxl_threads.0.10.dylib; path = deps/lib/libjxl_threads.0.10.dylib; sourceTree = "<group>"; };
		C8D6021D2E97EBB5002C9348 /* libavdevice.61.dylib */ = {isa = PBXFileReference; lastKnownFileType = "compiled.mach-o.dylib"; name = libavdevice.61.dylib; path = deps/lib/libavdevice.61.dylib; sourceTree = "<group>"; };
		C8D6021E2E97EBB5002C9348 /* libavformat.61.dylib */ = {isa = PBXFileReference; lastKnownFileType = "compiled.mach-o.dylib"; name = libavformat.61.dylib; path = deps/lib/libavformat.61.dylib; sourceTree = "<group>"; };
		C8D6021F2E97EBB5002C9348 /* libidn2.0.dylib */ = {isa = PBXFileReference; lastKnownFileType = "compiled.mach-o.dylib"; name = libidn2.0.dylib; path = deps/lib/libidn2.0.dylib; sourceTree = "<group>"; };
		C8D602202E97EBB5002C9348 /* libintl.8.dylib */ = {isa = PBXFileReference; lastKnownFileType = "compiled.mach-o.dylib"; name = libintl.8.dylib; path = deps/lib/libintl.8.dylib; sourceTree = "<group>"; };
		C8D602212E97EBB5002C9348 /* libuchardet.0.dylib */ = {isa = PBXFileReference; lastKnownFileType = "compiled.mach-o.dylib"; name = libuchardet.0.dylib; path = deps/lib/libuchardet.0.dylib; sourceTree = "<group>"; };
		C8D602222E97EBB5002C9348 /* libXdmcp.6.dylib */ = {isa = PBXFileReference; lastKnownFileType = "compiled.mach-o.dylib"; name = libXdmcp.6.dylib; path = deps/lib/libXdmcp.6.dylib; sourceTree = "<group>"; };
		C8D602232E97EBB5002C9348 /* libgnutls.30.dylib */ = {isa = PBXFileReference; lastKnownFileType = "compiled.mach-o.dylib"; name = libgnutls.30.dylib; path = deps/lib/libgnutls.30.dylib; sourceTree = "<group>"; };
		C8D602242E97EBB5002C9348 /* libgmp.10.dylib */ = {isa = PBXFileReference; lastKnownFileType = "compiled.mach-o.dylib"; name = libgmp.10.dylib; path = deps/lib/libgmp.10.dylib; sourceTree = "<group>"; };
		C8D602252E97EBB5002C9348 /* liblz4.1.dylib */ = {isa = PBXFileReference; lastKnownFileType = "compiled.mach-o.dylib"; name = liblz4.1.dylib; path = deps/lib/liblz4.1.dylib; sourceTree = "<group>"; };
		C8D602262E97EBB5002C9348 /* libtasn1.6.dylib */ = {isa = PBXFileReference; lastKnownFileType = "compiled.mach-o.dylib"; name = libtasn1.6.dylib; path = deps/lib/libtasn1.6.dylib; sourceTree = "<group>"; };
		C8D602272E97EBB5002C9348 /* libmpv.2.dylib */ = {isa = PBXFileReference; lastKnownFileType = "compiled.mach-o.dylib"; name = libmpv.2.dylib; path = deps/lib/libmpv.2.dylib; sourceTree = "<group>"; };
		C8D602282E97EBB5002C9348 /* libfontconfig.1.dylib */ = {isa = PBXFileReference; lastKnownFileType = "compiled.mach-o.dylib"; name = libfontconfig.1.dylib; path = deps/lib/libfontconfig.1.dylib; sourceTree = "<group>"; };
		C8D602292E97EBB5002C9348 /* libunibreak.6.dylib */ = {isa = PBXFileReference; lastKnownFileType = "compiled.mach-o.dylib"; name = libunibreak.6.dylib; path = deps/lib/libunibreak.6.dylib; sourceTree = "<group>"; };
		C8D6022A2E97EBB5002C9348 /* libsharpyuv.0.dylib */ = {isa = PBXFileReference; lastKnownFileType = "compiled.mach-o.dylib"; name = libsharpyuv.0.dylib; path = deps/lib/libsharpyuv.0.dylib; sourceTree = "<group>"; };
		C8D6022B2E97EBB5002C9348 /* librubberband.2.dylib */ = {isa = PBXFileReference; lastKnownFileType = "compiled.mach-o.dylib"; name = librubberband.2.dylib; path = deps/lib/librubberband.2.dylib; sourceTree = "<group>"; };
		C8D6022C2E97EBB5002C9348 /* libsodium.26.dylib */ = {isa = PBXFileReference; lastKnownFileType = "compiled.mach-o.dylib"; name = libsodium.26.dylib; path = deps/lib/libsodium.26.dylib; sourceTree = "<group>"; };
		C8D6022D2E97EBB5002C9348 /* libgraphite2.3.dylib */ = {isa = PBXFileReference; lastKnownFileType = "compiled.mach-o.dylib"; name = libgraphite2.3.dylib; path = deps/lib/libgraphite2.3.dylib; sourceTree = "<group>"; };
		C8D6022E2E97EBB5002C9348 /* libbluray.2.dylib */ = {isa = PBXFileReference; lastKnownFileType = "compiled.mach-o.dylib"; name = libbluray.2.dylib; path = deps/lib/libbluray.2.dylib; sourceTree = "<group>"; };
		C8D6022F2E97EBB5002C9348 /* libavutil.59.dylib */ = {isa = PBXFileReference; lastKnownFileType = "compiled.mach-o.dylib"; name = libavutil.59.dylib; path = deps/lib/libavutil.59.dylib; sourceTree = "<group>"; };
		C8D602302E97EBB5002C9348 /* libdav1d.7.dylib */ = {isa = PBXFileReference; lastKnownFileType = "compiled.mach-o.dylib"; name = libdav1d.7.dylib; path = deps/lib/libdav1d.7.dylib; sourceTree = "<group>"; };
		C8D602312E97EBB6002C9348 /* liblzma.5.dylib */ = {isa = PBXFileReference; lastKnownFileType = "compiled.mach-o.dylib"; name = liblzma.5.dylib; path = deps/lib/liblzma.5.dylib; sourceTree = "<group>"; };
		C8D602322E97EBB6002C9348 /* libfribidi.0.dylib */ = {isa = PBXFileReference; lastKnownFileType = "compiled.mach-o.dylib"; name = libfribidi.0.dylib; path = deps/lib/libfribidi.0.dylib; sourceTree = "<group>"; };
		C8D602332E97EBB6002C9348 /* libspeex.1.dylib */ = {isa = PBXFileReference; lastKnownFileType = "compiled.mach-o.dylib"; name = libspeex.1.dylib; path = deps/lib/libspeex.1.dylib; sourceTree = "<group>"; };
		C8D602342E97EBB6002C9348 /* libbrotlienc.1.dylib */ = {isa = PBXFileReference; lastKnownFileType = "compiled.mach-o.dylib"; name = libbrotlienc.1.dylib; path = deps/lib/libbrotlienc.1.dylib; sourceTree = "<group>"; };
		C8D602352E97EBB6002C9348 /* libwebp.7.dylib */ = {isa = PBXFileReference; lastKnownFileType = "compiled.mach-o.dylib"; name = libwebp.7.dylib; path = deps/lib/libwebp.7.dylib; sourceTree = "<group>"; };
		C8D602362E97EBB6002C9348 /* libvulkan.1.dylib */ = {isa = PBXFileReference; lastKnownFileType = "compiled.mach-o.dylib"; name = libvulkan.1.dylib; path = deps/lib/libvulkan.1.dylib; sourceTree = "<group>"; };
		C8D602372E97EBB6002C9348 /* libzmq.5.dylib */ = {isa = PBXFileReference; lastKnownFileType = "compiled.mach-o.dylib"; name = libzmq.5.dylib; path = deps/lib/libzmq.5.dylib; sourceTree = "<group>"; };
		C8D602382E97EBB6002C9348 /* libharfbuzz.0.dylib */ = {isa = PBXFileReference; lastKnownFileType = "compiled.mach-o.dylib"; name = libharfbuzz.0.dylib; path = deps/lib/libharfbuzz.0.dylib; sourceTree = "<group>"; };
		C8D602392E97EBB6002C9348 /* libX11.6.dylib */ = {isa = PBXFileReference; lastKnownFileType = "compiled.mach-o.dylib"; name = libX11.6.dylib; path = deps/lib/libX11.6.dylib; sourceTree = "<group>"; };
		C8D6023A2E97EBB6002C9348 /* libunistring.5.dylib */ = {isa = PBXFileReference; lastKnownFileType = "compiled.mach-o.dylib"; name = libunistring.5.dylib; path = deps/lib/libunistring.5.dylib; sourceTree = "<group>"; };
		C8D6023B2E97EBB6002C9348 /* libstdc++.6.dylib */ = {isa = PBXFileReference; lastKnownFileType = "compiled.mach-o.dylib"; name = "libstdc++.6.dylib"; path = "deps/lib/libstdc++.6.dylib"; sourceTree = "<group>"; };
		C8D6023C2E97EBB6002C9348 /* libhogweed.6.dylib */ = {isa = PBXFileReference; lastKnownFileType = "compiled.mach-o.dylib"; name = libhogweed.6.dylib; path = deps/lib/libhogweed.6.dylib; sourceTree = "<group>"; };
		C8D6023D2E97EBB6002C9348 /* libswresample.5.dylib */ = {isa = PBXFileReference; lastKnownFileType = "compiled.mach-o.dylib"; name = libswresample.5.dylib; path = deps/lib/libswresample.5.dylib; sourceTree = "<group>"; };
		C8D6023E2E97EBB6002C9348 /* libvidstab.1.2.dylib */ = {isa = PBXFileReference; lastKnownFileType = "compiled.mach-o.dylib"; name = libvidstab.1.2.dylib; path = deps/lib/libvidstab.1.2.dylib; sourceTree = "<group>"; };
		C8D6023F2E97EBB6002C9348 /* libshaderc_shared.1.dylib */ = {isa = PBXFileReference; lastKnownFileType = "compiled.mach-o.dylib"; name = libshaderc_shared.1.dylib; path = deps/lib/libshaderc_shared.1.dylib; sourceTree = "<group>"; };
		C8D602402E97EBB6002C9348 /* libmujs.dylib */ = {isa = PBXFileReference; lastKnownFileType = "compiled.mach-o.dylib"; name = libmujs.dylib; path = deps/lib/libmujs.dylib; sourceTree = "<group>"; };
		C8D602412E97EBB6002C9348 /* libbrotlidec.1.dylib */ = {isa = PBXFileReference; lastKnownFileType = "compiled.mach-o.dylib"; name = libbrotlidec.1.dylib; path = deps/lib/libbrotlidec.1.dylib; sourceTree = "<group>"; };
		C8D602422E97EBB6002C9348 /* libarchive.13.dylib */ = {isa = PBXFileReference; lastKnownFileType = "compiled.mach-o.dylib"; name = libarchive.13.dylib; path = deps/lib/libarchive.13.dylib; sourceTree = "<group>"; };
		C8D602432E97EBB6002C9348 /* libxcb-shape.0.dylib */ = {isa = PBXFileReference; lastKnownFileType = "compiled.mach-o.dylib"; name = "libxcb-shape.0.dylib"; path = "deps/lib/libxcb-shape.0.dylib"; sourceTree = "<group>"; };
		C8D602442E97EBB6002C9348 /* libxcb-xfixes.0.dylib */ = {isa = PBXFileReference; lastKnownFileType = "compiled.mach-o.dylib"; name = "libxcb-xfixes.0.dylib"; path = "deps/lib/libxcb-xfixes.0.dylib"; sourceTree = "<group>"; };
		C8D602452E97EBB6002C9348 /* libplacebo.338.dylib */ = {isa = PBXFileReference; lastKnownFileType = "compiled.mach-o.dylib"; name = libplacebo.338.dylib; path = deps/lib/libplacebo.338.dylib; sourceTree = "<group>"; };
		C8D602462E97EBB6002C9348 /* libjxl_cms.0.10.dylib */ = {isa = PBXFileReference; lastKnownFileType = "compiled.mach-o.dylib"; name = libjxl_cms.0.10.dylib; path = deps/lib/libjxl_cms.0.10.dylib; sourceTree = "<group>"; };
		C8D602472E97EBB7002C9348 /* libgcc_s.1.1.dylib */ = {isa = PBXFileReference; lastKnownFileType = "compiled.mach-o.dylib"; name = libgcc_s.1.1.dylib; path = deps/lib/libgcc_s.1.1.dylib; sourceTree = "<group>"; };
		C8D602482E97EBB7002C9348 /* libb2.1.dylib */ = {isa = PBXFileReference; lastKnownFileType = "compiled.mach-o.dylib"; name = libb2.1.dylib; path = deps/lib/libb2.1.dylib; sourceTree = "<group>"; };
		C8D602492E97EBB7002C9348 /* libpng16.16.dylib */ = {isa = PBXFileReference; lastKnownFileType = "compiled.mach-o.dylib"; name = libpng16.16.dylib; path = deps/lib/libpng16.16.dylib; sourceTree = "<group>"; };
		C8D6024A2E97EBB7002C9348 /* libjxl.0.10.dylib */ = {isa = PBXFileReference; lastKnownFileType = "compiled.mach-o.dylib"; name = libjxl.0.10.dylib; path = deps/lib/libjxl.0.10.dylib; sourceTree = "<group>"; };
		C8D6024B2E97EBB7002C9348 /* libfreetype.6.dylib */ = {isa = PBXFileReference; lastKnownFileType = "compiled.mach-o.dylib"; name = libfreetype.6.dylib; path = deps/lib/libfreetype.6.dylib; sourceTree = "<group>"; };
		C8D6024C2E97EBB7002C9348 /* libavfilter.10.dylib */ = {isa = PBXFileReference; lastKnownFileType = "compiled.mach-o.dylib"; name = libavfilter.10.dylib; path = deps/lib/libavfilter.10.dylib; sourceTree = "<group>"; };
		C8D6024D2E97EBB7002C9348 /* libpostproc.58.dylib */ = {isa = PBXFileReference; lastKnownFileType = "compiled.mach-o.dylib"; name = libpostproc.58.dylib; path = deps/lib/libpostproc.58.dylib; sourceTree = "<group>"; };
		C8D6024E2E97EBB7002C9348 /* libluajit-5.1.2.dylib */ = {isa = PBXFileReference; lastKnownFileType = "compiled.mach-o.dylib"; name = "libluajit-5.1.2.dylib"; path = "deps/lib/libluajit-5.1.2.dylib"; sourceTree = "<group>"; };
		C8D6024F2E97EBB7002C9348 /* libpcre2-8.0.dylib */ = {isa = PBXFileReference; lastKnownFileType = "compiled.mach-o.dylib"; name = "libpcre2-8.0.dylib"; path = "deps/lib/libpcre2-8.0.dylib"; sourceTree = "<group>"; };
		C8D602502E97EBB7002C9348 /* libxcb-shm.0.dylib */ = {isa = PBXFileReference; lastKnownFileType = "compiled.mach-o.dylib"; name = "libxcb-shm.0.dylib"; path = "deps/lib/libxcb-shm.0.dylib"; sourceTree = "<group>"; };
		C8D602512E97EBB7002C9348 /* libass.9.dylib */ = {isa = PBXFileReference; lastKnownFileType = "compiled.mach-o.dylib"; name = libass.9.dylib; path = deps/lib/libass.9.dylib; sourceTree = "<group>"; };
		C8D602522E97EBB7002C9348 /* libsnappy.1.dylib */ = {isa = PBXFileReference; lastKnownFileType = "compiled.mach-o.dylib"; name = libsnappy.1.dylib; path = deps/lib/libsnappy.1.dylib; sourceTree = "<group>"; };
		C8D602532E97EBB7002C9348 /* libp11-kit.0.dylib */ = {isa = PBXFileReference; lastKnownFileType = "compiled.mach-o.dylib"; name = "libp11-kit.0.dylib"; path = "deps/lib/libp11-kit.0.dylib"; sourceTree = "<group>"; };
		C8D602542E97EBB7002C9348 /* libXau.6.dylib */ = {isa = PBXFileReference; lastKnownFileType = "compiled.mach-o.dylib"; name = libXau.6.dylib; path = deps/lib/libXau.6.dylib; sourceTree = "<group>"; };
		C8D602552E97EBB7002C9348 /* libzimg.2.dylib */ = {isa = PBXFileReference; lastKnownFileType = "compiled.mach-o.dylib"; name = libzimg.2.dylib; path = deps/lib/libzimg.2.dylib; sourceTree = "<group>"; };
		C8D602562E97EBB7002C9348 /* libavcodec.61.dylib */ = {isa = PBXFileReference; lastKnownFileType = "compiled.mach-o.dylib"; name = libavcodec.61.dylib; path = deps/lib/libavcodec.61.dylib; sourceTree = "<group>"; };
		C8D602572E97EBB7002C9348 /* libjpeg.8.dylib */ = {isa = PBXFileReference; lastKnownFileType = "compiled.mach-o.dylib"; name = libjpeg.8.dylib; path = deps/lib/libjpeg.8.dylib; sourceTree = "<group>"; };
		C8D602582E97EBB7002C9348 /* libglib-2.0.0.dylib */ = {isa = PBXFileReference; lastKnownFileType = "compiled.mach-o.dylib"; name = "libglib-2.0.0.dylib"; path = "deps/lib/libglib-2.0.0.dylib"; sourceTree = "<group>"; };
		C8D602592E97EBB7002C9348 /* libhwy.1.dylib */ = {isa = PBXFileReference; lastKnownFileType = "compiled.mach-o.dylib"; name = libhwy.1.dylib; path = deps/lib/libhwy.1.dylib; sourceTree = "<group>"; };
		C8D6025A2E97EBB7002C9348 /* libzstd.1.dylib */ = {isa = PBXFileReference; lastKnownFileType = "compiled.mach-o.dylib"; name = libzstd.1.dylib; path = deps/lib/libzstd.1.dylib; sourceTree = "<group>"; };
		C8D6025B2E97EBB7002C9348 /* liblcms2.2.dylib */ = {isa = PBXFileReference; lastKnownFileType = "compiled.mach-o.dylib"; name = liblcms2.2.dylib; path = deps/lib/liblcms2.2.dylib; sourceTree = "<group>"; };
		C8D602A32E97F7D9002C9348 /* MPVVideoLayer.swift */ = {isa = PBXFileReference; lastKnownFileType = sourcecode.swift; path = MPVVideoLayer.swift; sourceTree = "<group>"; };
		C8D602AB2E990765002C9348 /* BGRAImageReader.swift */ = {isa = PBXFileReference; lastKnownFileType = sourcecode.swift; path = BGRAImageReader.swift; sourceTree = "<group>"; };
		C8D602AC2E990765002C9348 /* MPVThumbnailGenerator.swift */ = {isa = PBXFileReference; lastKnownFileType = sourcecode.swift; path = MPVThumbnailGenerator.swift; sourceTree = "<group>"; };
		C8D602AD2E990765002C9348 /* ThumbnailCache.swift */ = {isa = PBXFileReference; lastKnownFileType = sourcecode.swift; path = ThumbnailCache.swift; sourceTree = "<group>"; };
		C8D602B22E990765002C9348 /* ThumbnailMPVPlayer.swift */ = {isa = PBXFileReference; lastKnownFileType = sourcecode.swift; path = ThumbnailMPVPlayer.swift; sourceTree = "<group>"; };
		D160AC63894645548212EEF0 /* back-arrow.png */ = {isa = PBXFileReference; lastKnownFileType = image.png; path = "back-arrow.png"; sourceTree = "<group>"; };
/* End PBXFileReference section */

/* Begin PBXFrameworksBuildPhase section */
		C001 /* Frameworks */ = {
			isa = PBXFrameworksBuildPhase;
			buildActionMask = 2147483647;
			files = (
			);
			runOnlyForDeploymentPostprocessing = 0;
		};
/* End PBXFrameworksBuildPhase section */

/* Begin PBXGroup section */
		C8D602AA2E990749002C9348 /* Thumbnail */ = {
			isa = PBXGroup;
			children = (
				C8D602AB2E990765002C9348 /* BGRAImageReader.swift */,
				C8D602AC2E990765002C9348 /* MPVThumbnailGenerator.swift */,
				C8D602AD2E990765002C9348 /* ThumbnailCache.swift */,
				C8D602B22E990765002C9348 /* ThumbnailMPVPlayer.swift */,
			);
			path = Thumbnail;
			sourceTree = "<group>";
		};
		D001 = {
			isa = PBXGroup;
			children = (
				C8D602422E97EBB6002C9348 /* libarchive.13.dylib */,
				C8D602512E97EBB7002C9348 /* libass.9.dylib */,
				C8D602562E97EBB7002C9348 /* libavcodec.61.dylib */,
				C8D6021D2E97EBB5002C9348 /* libavdevice.61.dylib */,
				C8D6024C2E97EBB7002C9348 /* libavfilter.10.dylib */,
				C8D6021E2E97EBB5002C9348 /* libavformat.61.dylib */,
				C8D6022F2E97EBB5002C9348 /* libavutil.59.dylib */,
				C8D602482E97EBB7002C9348 /* libb2.1.dylib */,
				C8D6022E2E97EBB5002C9348 /* libbluray.2.dylib */,
				C8D6021A2E97EBB4002C9348 /* libbrotlicommon.1.dylib */,
				C8D602412E97EBB6002C9348 /* libbrotlidec.1.dylib */,
				C8D602342E97EBB6002C9348 /* libbrotlienc.1.dylib */,
				C8D602302E97EBB5002C9348 /* libdav1d.7.dylib */,
				C8D602282E97EBB5002C9348 /* libfontconfig.1.dylib */,
				C8D6024B2E97EBB7002C9348 /* libfreetype.6.dylib */,
				C8D602322E97EBB6002C9348 /* libfribidi.0.dylib */,
				C8D602472E97EBB7002C9348 /* libgcc_s.1.1.dylib */,
				C8D602582E97EBB7002C9348 /* libglib-2.0.0.dylib */,
				C8D602242E97EBB5002C9348 /* libgmp.10.dylib */,
				C8D602232E97EBB5002C9348 /* libgnutls.30.dylib */,
				C8D6022D2E97EBB5002C9348 /* libgraphite2.3.dylib */,
				C8D602382E97EBB6002C9348 /* libharfbuzz.0.dylib */,
				C8D6023C2E97EBB6002C9348 /* libhogweed.6.dylib */,
				C8D602592E97EBB7002C9348 /* libhwy.1.dylib */,
				C8D6021F2E97EBB5002C9348 /* libidn2.0.dylib */,
				C8D602202E97EBB5002C9348 /* libintl.8.dylib */,
				C8D602572E97EBB7002C9348 /* libjpeg.8.dylib */,
				C8D602462E97EBB6002C9348 /* libjxl_cms.0.10.dylib */,
				C8D6021C2E97EBB5002C9348 /* libjxl_threads.0.10.dylib */,
				C8D6024A2E97EBB7002C9348 /* libjxl.0.10.dylib */,
				C8D6025B2E97EBB7002C9348 /* liblcms2.2.dylib */,
				C8D6024E2E97EBB7002C9348 /* libluajit-5.1.2.dylib */,
				C8D602252E97EBB5002C9348 /* liblz4.1.dylib */,
				C8D602312E97EBB6002C9348 /* liblzma.5.dylib */,
				C8D602272E97EBB5002C9348 /* libmpv.2.dylib */,
				C8D602402E97EBB6002C9348 /* libmujs.dylib */,
				C8D602192E97EBB4002C9348 /* libnettle.8.dylib */,
				C8D602532E97EBB7002C9348 /* libp11-kit.0.dylib */,
				C8D6024F2E97EBB7002C9348 /* libpcre2-8.0.dylib */,
				C8D602452E97EBB6002C9348 /* libplacebo.338.dylib */,
				C8D602492E97EBB7002C9348 /* libpng16.16.dylib */,
				C8D6024D2E97EBB7002C9348 /* libpostproc.58.dylib */,
				C8D6022B2E97EBB5002C9348 /* librubberband.2.dylib */,
				C8D6021B2E97EBB4002C9348 /* libsamplerate.0.dylib */,
				C8D6023F2E97EBB6002C9348 /* libshaderc_shared.1.dylib */,
				C8D6022A2E97EBB5002C9348 /* libsharpyuv.0.dylib */,
				C8D602522E97EBB7002C9348 /* libsnappy.1.dylib */,
				C8D6022C2E97EBB5002C9348 /* libsodium.26.dylib */,
				C8D602152E97EBB4002C9348 /* libsoxr.0.dylib */,
				C8D602332E97EBB6002C9348 /* libspeex.1.dylib */,
				C8D6023B2E97EBB6002C9348 /* libstdc++.6.dylib */,
				C8D6023D2E97EBB6002C9348 /* libswresample.5.dylib */,
				C8D602162E97EBB4002C9348 /* libswscale.8.dylib */,
				C8D602262E97EBB5002C9348 /* libtasn1.6.dylib */,
				C8D602212E97EBB5002C9348 /* libuchardet.0.dylib */,
				C8D602292E97EBB5002C9348 /* libunibreak.6.dylib */,
				C8D6023A2E97EBB6002C9348 /* libunistring.5.dylib */,
				C8D6023E2E97EBB6002C9348 /* libvidstab.1.2.dylib */,
				C8D602362E97EBB6002C9348 /* libvulkan.1.dylib */,
				C8D602352E97EBB6002C9348 /* libwebp.7.dylib */,
				C8D602172E97EBB4002C9348 /* libwebpmux.3.dylib */,
				C8D602392E97EBB6002C9348 /* libX11.6.dylib */,
				C8D602542E97EBB7002C9348 /* libXau.6.dylib */,
				C8D602432E97EBB6002C9348 /* libxcb-shape.0.dylib */,
				C8D602502E97EBB7002C9348 /* libxcb-shm.0.dylib */,
				C8D602442E97EBB6002C9348 /* libxcb-xfixes.0.dylib */,
				C8D602182E97EBB4002C9348 /* libxcb.1.dylib */,
				C8D602222E97EBB5002C9348 /* libXdmcp.6.dylib */,
				C8D602552E97EBB7002C9348 /* libzimg.2.dylib */,
				C8D602372E97EBB6002C9348 /* libzmq.5.dylib */,
				C8D6025A2E97EBB7002C9348 /* libzstd.1.dylib */,
				D002 /* FlixorMac */,
				D099 /* Products */,
			);
			sourceTree = "<group>";
		};
		D002 /* FlixorMac */ = {
			isa = PBXGroup;
			children = (
				D003 /* App */,
				D004 /* Models */,
				D005 /* Views */,
				D006 /* ViewModels */,
				D007 /* Services */,
				D008 /* Extensions */,
				D100 /* Resources */,
				B031 /* Assets.xcassets */,
			);
			path = FlixorMac;
			sourceTree = "<group>";
		};
		D003 /* App */ = {
			isa = PBXGroup;
			children = (
				B001 /* FlixorMacApp.swift */,
				B002 /* RootView.swift */,
			);
			path = App;
			sourceTree = "<group>";
		};
		D004 /* Models */ = {
			isa = PBXGroup;
			children = (
				B004 /* User.swift */,
				B005 /* APIError.swift */,
				B028 /* HomeScreenData.swift */,
				B042 /* PlexServer.swift */,
				B051 /* PlayerBackend.swift */,
			);
			path = Models;
			sourceTree = "<group>";
		};
		D005 /* Views */ = {
			isa = PBXGroup;
			children = (
				D010 /* Auth */,
				D011 /* Components */,
				D012 /* Home */,
				D013 /* Library */,
				D020 /* MyList */,
				D014 /* Search */,
				D015 /* Settings */,
				D018 /* Details */,
				D019 /* Player */,
			);
			path = Views;
			sourceTree = "<group>";
		};
		D006 /* ViewModels */ = {
			isa = PBXGroup;
			children = (
				B010 /* PlexAuthViewModel.swift */,
				B032 /* BackendConfigViewModel.swift */,
				B029 /* HomeViewModel.swift */,
				B037 /* DetailsViewModel.swift */,
				B040 /* SearchViewModel.swift */,
				B041 /* PlayerViewModel.swift */,
				B043 /* LibraryViewModel.swift */,
				B047 /* MyListViewModel.swift */,
				B046 /* WatchlistController.swift */,
			);
			path = ViewModels;
			sourceTree = "<group>";
		};
		D007 /* Services */ = {
			isa = PBXGroup;
			children = (
				C8D602AA2E990749002C9348 /* Thumbnail */,
				D016 /* API */,
				D017 /* Auth */,
			);
			path = Services;
			sourceTree = "<group>";
		};
		D008 /* Extensions */ = {
			isa = PBXGroup;
			children = (
				B016 /* UserDefaults+Extensions.swift */,
				B034 /* Color+Theme.swift */,
				B038 /* MediaItem+Hashable.swift */,
			);
			path = Extensions;
			sourceTree = "<group>";
		};
		D010 /* Auth */ = {
			isa = PBXGroup;
			children = (
				B033 /* BackendConfigView.swift */,
				B009 /* PlexAuthView.swift */,
			);
			path = Auth;
			sourceTree = "<group>";
		};
		D011 /* Components */ = {
			isa = PBXGroup;
			children = (
				B003 /* SidebarView.swift */,
				B014 /* NewPopularView.swift */,
				B017 /* CachedAsyncImage.swift */,
				B019 /* PosterCard.swift */,
				B020 /* LandscapeCard.swift */,
				B021 /* ContinueCard.swift */,
				B022 /* CarouselView.swift */,
				B023 /* BillboardView.swift */,
				B024 /* VirtualGrid.swift */,
				B025 /* SkeletonView.swift */,
				B027 /* ToastView.swift */,
				B044 /* LibraryFilterBarView.swift */,
				B049 /* WatchlistButton.swift */,
			);
			path = Components;
			sourceTree = "<group>";
		};
		D012 /* Home */ = {
			isa = PBXGroup;
			children = (
				B030 /* HomeView.swift */,
			);
			path = Home;
			sourceTree = "<group>";
		};
		D013 /* Library */ = {
			isa = PBXGroup;
			children = (
				B012 /* LibraryView.swift */,
				B045 /* CollectionsView.swift */,
			);
			path = Library;
			sourceTree = "<group>";
		};
		D014 /* Search */ = {
			isa = PBXGroup;
			children = (
				B011 /* SearchView.swift */,
			);
			path = Search;
			sourceTree = "<group>";
		};
		D015 /* Settings */ = {
			isa = PBXGroup;
			children = (
				B015 /* SettingsView.swift */,
			);
			path = Settings;
			sourceTree = "<group>";
		};
		D016 /* API */ = {
			isa = PBXGroup;
			children = (
				B006 /* APIClient.swift */,
				B018 /* ImageService.swift */,
				B050 /* MPVPlayerController.swift */,
			);
			path = API;
			sourceTree = "<group>";
		};
		D017 /* Auth */ = {
			isa = PBXGroup;
			children = (
				B007 /* KeychainHelper.swift */,
				B008 /* SessionManager.swift */,
			);
			path = Auth;
			sourceTree = "<group>";
		};
		D018 /* Details */ = {
			isa = PBXGroup;
			children = (
				B035 /* DetailsView.swift */,
				B039 /* DetailsTabsBar.swift */,
			);
			path = Details;
			sourceTree = "<group>";
		};
		D019 /* Player */ = {
			isa = PBXGroup;
			children = (
				C8D602A32E97F7D9002C9348 /* MPVVideoLayer.swift */,
				B036 /* PlayerView.swift */,
				B052 /* MPVVideoView.swift */,
			);
			path = Player;
			sourceTree = "<group>";
		};
		D020 /* MyList */ = {
			isa = PBXGroup;
			children = (
				B048 /* MyListView.swift */,
			);
			path = MyList;
			sourceTree = "<group>";
		};
		D099 /* Products */ = {
			isa = PBXGroup;
			children = (
				B999 /* FlixorMac.app */,
			);
			name = Products;
			sourceTree = "<group>";
		};
		D100 /* Resources */ = {
			isa = PBXGroup;
			children = (
				B053 /* replay10.svg */,
				B054 /* forward10.svg */,
				B055 /* replay10.png */,
				B056 /* forward10.png */,
				B057 /* pause.png */,
				B058 /* play.png */,
				B059 /* next-episode.png */,
				B060 /* episode-list.png */,
				B061 /* fullscreen-exit.png */,
				B062 /* fullscreen-enter.png */,
				B063 /* playback-speed.png */,
				B064 /* thumbfast.lua */,
				D160AC63894645548212EEF0 /* back-arrow.png */,
				28F2733407E54826B6E93AC2 /* subtitles.png */,
			);
			path = Resources;
			sourceTree = "<group>";
		};
/* End PBXGroup section */

/* Begin PBXNativeTarget section */
		E001 /* FlixorMac */ = {
			isa = PBXNativeTarget;
			buildConfigurationList = F001 /* Build configuration list for PBXNativeTarget "FlixorMac" */;
			buildPhases = (
				E002 /* Sources */,
				C001 /* Frameworks */,
				E003 /* Resources */,
				C8D602142E97EB25002C9348 /* CopyFiles */,
			);
			buildRules = (
			);
			dependencies = (
			);
			name = FlixorMac;
			productName = FlixorMac;
			productReference = B999 /* FlixorMac.app */;
			productType = "com.apple.product-type.application";
		};
/* End PBXNativeTarget section */

/* Begin PBXProject section */
		G001 /* Project object */ = {
			isa = PBXProject;
			attributes = {
				BuildIndependentTargetsInParallel = 1;
				LastSwiftUpdateCheck = 1500;
				LastUpgradeCheck = 1500;
				TargetAttributes = {
					E001 = {
						CreatedOnToolsVersion = 15.0;
					};
				};
			};
			buildConfigurationList = F002 /* Build configuration list for PBXProject "FlixorMac" */;
			compatibilityVersion = "Xcode 14.0";
			developmentRegion = en;
			hasScannedForEncodings = 0;
			knownRegions = (
				en,
				Base,
			);
			mainGroup = D001;
			packageReferences = (
			);
			productRefGroup = D099 /* Products */;
			projectDirPath = "";
			projectRoot = "";
			targets = (
				E001 /* FlixorMac */,
			);
		};
/* End PBXProject section */

/* Begin PBXResourcesBuildPhase section */
		E003 /* Resources */ = {
			isa = PBXResourcesBuildPhase;
			buildActionMask = 2147483647;
			files = (
				A031 /* Assets.xcassets in Resources */,
				A053 /* replay10.svg in Resources */,
				A054 /* forward10.svg in Resources */,
				A055 /* replay10.png in Resources */,
				A056 /* forward10.png in Resources */,
				A057 /* pause.png in Resources */,
				A058 /* play.png in Resources */,
				A059 /* next-episode.png in Resources */,
				A060 /* episode-list.png in Resources */,
				A061 /* fullscreen-exit.png in Resources */,
				A062 /* fullscreen-enter.png in Resources */,
				A063 /* playback-speed.png in Resources */,
				A064 /* thumbfast.lua in Resources */,
				8F8A4EEF11F94AB2B11AD777 /* back-arrow.png in Resources */,
				4E24577161EC49F795708746 /* subtitles.png in Resources */,
			);
			runOnlyForDeploymentPostprocessing = 0;
		};
/* End PBXResourcesBuildPhase section */

/* Begin PBXSourcesBuildPhase section */
		E002 /* Sources */ = {
			isa = PBXSourcesBuildPhase;
			buildActionMask = 2147483647;
			files = (
				A001 /* FlixorMacApp.swift in Sources */,
				A002 /* RootView.swift in Sources */,
				A003 /* SidebarView.swift in Sources */,
				A004 /* User.swift in Sources */,
				A005 /* APIError.swift in Sources */,
				C8D602AE2E990765002C9348 /* BGRAImageReader.swift in Sources */,
				C8D602AF2E990765002C9348 /* MPVThumbnailGenerator.swift in Sources */,
				C8D602B02E990765002C9348 /* ThumbnailCache.swift in Sources */,
				C8D602B12E990765002C9348 /* ThumbnailMPVPlayer.swift in Sources */,
				A006 /* APIClient.swift in Sources */,
				A007 /* KeychainHelper.swift in Sources */,
				A008 /* SessionManager.swift in Sources */,
				A009 /* PlexAuthView.swift in Sources */,
				A010 /* PlexAuthViewModel.swift in Sources */,
				A011 /* SearchView.swift in Sources */,
				A012 /* LibraryView.swift in Sources */,
				A014 /* NewPopularView.swift in Sources */,
				A015 /* SettingsView.swift in Sources */,
				A016 /* UserDefaults+Extensions.swift in Sources */,
				A017 /* CachedAsyncImage.swift in Sources */,
				A018 /* ImageService.swift in Sources */,
				A019 /* PosterCard.swift in Sources */,
				A020 /* LandscapeCard.swift in Sources */,
				A021 /* ContinueCard.swift in Sources */,
				A022 /* CarouselView.swift in Sources */,
				A023 /* BillboardView.swift in Sources */,
				A024 /* VirtualGrid.swift in Sources */,
				A025 /* SkeletonView.swift in Sources */,
				A027 /* ToastView.swift in Sources */,
				A028 /* HomeScreenData.swift in Sources */,
				A029 /* HomeViewModel.swift in Sources */,
				A030 /* HomeView.swift in Sources */,
				A032 /* BackendConfigViewModel.swift in Sources */,
				A033 /* BackendConfigView.swift in Sources */,
				A034 /* Color+Theme.swift in Sources */,
				A035 /* DetailsView.swift in Sources */,
				A036 /* PlayerView.swift in Sources */,
				A037 /* DetailsViewModel.swift in Sources */,
				A038 /* MediaItem+Hashable.swift in Sources */,
				A039 /* DetailsTabsBar.swift in Sources */,
				A040 /* SearchViewModel.swift in Sources */,
				A041 /* PlayerViewModel.swift in Sources */,
				A042 /* PlexServer.swift in Sources */,
				A043 /* LibraryViewModel.swift in Sources */,
				A044 /* LibraryFilterBarView.swift in Sources */,
				A045 /* CollectionsView.swift in Sources */,
				A046 /* WatchlistController.swift in Sources */,
				A047 /* MyListViewModel.swift in Sources */,
				C8D602A42E97F7D9002C9348 /* MPVVideoLayer.swift in Sources */,
				A048 /* MyListView.swift in Sources */,
				A049 /* WatchlistButton.swift in Sources */,
				A050 /* MPVPlayerController.swift in Sources */,
				A051 /* PlayerBackend.swift in Sources */,
				A052 /* MPVVideoView.swift in Sources */,
			);
			runOnlyForDeploymentPostprocessing = 0;
		};
/* End PBXSourcesBuildPhase section */

/* Begin XCBuildConfiguration section */
		H001 /* Debug */ = {
			isa = XCBuildConfiguration;
			buildSettings = {
				ALWAYS_SEARCH_USER_PATHS = NO;
				ASSETCATALOG_COMPILER_GENERATE_SWIFT_ASSET_SYMBOL_EXTENSIONS = YES;
				CLANG_ANALYZER_NONNULL = YES;
				CLANG_ANALYZER_NUMBER_OBJECT_CONVERSION = YES_AGGRESSIVE;
				CLANG_CXX_LANGUAGE_STANDARD = "gnu++20";
				CLANG_ENABLE_MODULES = YES;
				CLANG_ENABLE_OBJC_ARC = YES;
				CLANG_ENABLE_OBJC_WEAK = YES;
				CLANG_WARN_BLOCK_CAPTURE_AUTORELEASING = YES;
				CLANG_WARN_BOOL_CONVERSION = YES;
				CLANG_WARN_COMMA = YES;
				CLANG_WARN_CONSTANT_CONVERSION = YES;
				CLANG_WARN_DEPRECATED_OBJC_IMPLEMENTATIONS = YES;
				CLANG_WARN_DIRECT_OBJC_ISA_USAGE = YES_ERROR;
				CLANG_WARN_DOCUMENTATION_COMMENTS = YES;
				CLANG_WARN_EMPTY_BODY = YES;
				CLANG_WARN_ENUM_CONVERSION = YES;
				CLANG_WARN_INFINITE_RECURSION = YES;
				CLANG_WARN_INT_CONVERSION = YES;
				CLANG_WARN_NON_LITERAL_NULL_CONVERSION = YES;
				CLANG_WARN_OBJC_IMPLICIT_RETAIN_SELF = YES;
				CLANG_WARN_OBJC_LITERAL_CONVERSION = YES;
				CLANG_WARN_OBJC_ROOT_CLASS = YES_ERROR;
				CLANG_WARN_QUOTED_INCLUDE_IN_FRAMEWORK_HEADER = YES;
				CLANG_WARN_RANGE_LOOP_ANALYSIS = YES;
				CLANG_WARN_STRICT_PROTOTYPES = YES;
				CLANG_WARN_SUSPICIOUS_MOVE = YES;
				CLANG_WARN_UNGUARDED_AVAILABILITY = YES_AGGRESSIVE;
				CLANG_WARN_UNREACHABLE_CODE = YES;
				CLANG_WARN__DUPLICATE_METHOD_MATCH = YES;
				COPY_PHASE_STRIP = NO;
				DEBUG_INFORMATION_FORMAT = dwarf;
				ENABLE_STRICT_OBJC_MSGSEND = YES;
				ENABLE_TESTABILITY = YES;
				ENABLE_USER_SCRIPT_SANDBOXING = YES;
				GCC_C_LANGUAGE_STANDARD = gnu17;
				GCC_DYNAMIC_NO_PIC = NO;
				GCC_NO_COMMON_BLOCKS = YES;
				GCC_OPTIMIZATION_LEVEL = 0;
				GCC_PREPROCESSOR_DEFINITIONS = (
					"DEBUG=1",
					"$(inherited)",
				);
				GCC_WARN_64_TO_32_BIT_CONVERSION = YES;
				GCC_WARN_ABOUT_RETURN_TYPE = YES_ERROR;
				GCC_WARN_UNDECLARED_SELECTOR = YES;
				GCC_WARN_UNINITIALIZED_AUTOS = YES_AGGRESSIVE;
				GCC_WARN_UNUSED_FUNCTION = YES;
				GCC_WARN_UNUSED_VARIABLE = YES;
				LOCALIZATION_PREFERS_STRING_CATALOGS = YES;
				MACOSX_DEPLOYMENT_TARGET = 13.0;
				MTL_ENABLE_DEBUG_INFO = INCLUDE_SOURCE;
				MTL_FAST_MATH = YES;
				ONLY_ACTIVE_ARCH = YES;
				SDKROOT = macosx;
				SWIFT_ACTIVE_COMPILATION_CONDITIONS = "DEBUG $(inherited)";
				SWIFT_OPTIMIZATION_LEVEL = "-Onone";
			};
			name = Debug;
		};
		H002 /* Release */ = {
			isa = XCBuildConfiguration;
			buildSettings = {
				ALWAYS_SEARCH_USER_PATHS = NO;
				ASSETCATALOG_COMPILER_GENERATE_SWIFT_ASSET_SYMBOL_EXTENSIONS = YES;
				CLANG_ANALYZER_NONNULL = YES;
				CLANG_ANALYZER_NUMBER_OBJECT_CONVERSION = YES_AGGRESSIVE;
				CLANG_CXX_LANGUAGE_STANDARD = "gnu++20";
				CLANG_ENABLE_MODULES = YES;
				CLANG_ENABLE_OBJC_ARC = YES;
				CLANG_ENABLE_OBJC_WEAK = YES;
				CLANG_WARN_BLOCK_CAPTURE_AUTORELEASING = YES;
				CLANG_WARN_BOOL_CONVERSION = YES;
				CLANG_WARN_COMMA = YES;
				CLANG_WARN_CONSTANT_CONVERSION = YES;
				CLANG_WARN_DEPRECATED_OBJC_IMPLEMENTATIONS = YES;
				CLANG_WARN_DIRECT_OBJC_ISA_USAGE = YES_ERROR;
				CLANG_WARN_DOCUMENTATION_COMMENTS = YES;
				CLANG_WARN_EMPTY_BODY = YES;
				CLANG_WARN_ENUM_CONVERSION = YES;
				CLANG_WARN_INFINITE_RECURSION = YES;
				CLANG_WARN_INT_CONVERSION = YES;
				CLANG_WARN_NON_LITERAL_NULL_CONVERSION = YES;
				CLANG_WARN_OBJC_IMPLICIT_RETAIN_SELF = YES;
				CLANG_WARN_OBJC_LITERAL_CONVERSION = YES;
				CLANG_WARN_OBJC_ROOT_CLASS = YES_ERROR;
				CLANG_WARN_QUOTED_INCLUDE_IN_FRAMEWORK_HEADER = YES;
				CLANG_WARN_RANGE_LOOP_ANALYSIS = YES;
				CLANG_WARN_STRICT_PROTOTYPES = YES;
				CLANG_WARN_SUSPICIOUS_MOVE = YES;
				CLANG_WARN_UNGUARDED_AVAILABILITY = YES_AGGRESSIVE;
				CLANG_WARN_UNREACHABLE_CODE = YES;
				CLANG_WARN__DUPLICATE_METHOD_MATCH = YES;
				COPY_PHASE_STRIP = NO;
				DEBUG_INFORMATION_FORMAT = "dwarf-with-dsym";
				ENABLE_NS_ASSERTIONS = NO;
				ENABLE_STRICT_OBJC_MSGSEND = YES;
				ENABLE_USER_SCRIPT_SANDBOXING = YES;
				GCC_C_LANGUAGE_STANDARD = gnu17;
				GCC_NO_COMMON_BLOCKS = YES;
				GCC_WARN_64_TO_32_BIT_CONVERSION = YES;
				GCC_WARN_ABOUT_RETURN_TYPE = YES_ERROR;
				GCC_WARN_UNDECLARED_SELECTOR = YES;
				GCC_WARN_UNINITIALIZED_AUTOS = YES_AGGRESSIVE;
				GCC_WARN_UNUSED_FUNCTION = YES;
				GCC_WARN_UNUSED_VARIABLE = YES;
				LOCALIZATION_PREFERS_STRING_CATALOGS = YES;
				MACOSX_DEPLOYMENT_TARGET = 13.0;
				MTL_ENABLE_DEBUG_INFO = NO;
				MTL_FAST_MATH = YES;
				SDKROOT = macosx;
				SWIFT_COMPILATION_MODE = wholemodule;
			};
			name = Release;
		};
		H003 /* Debug */ = {
			isa = XCBuildConfiguration;
			buildSettings = {
				ASSETCATALOG_COMPILER_APPICON_NAME = AppIcon;
				"ASSETCATALOG_COMPILER_APPICON_NAME[sdk=macosx*]" = AppIcon;
				ASSETCATALOG_COMPILER_GLOBAL_ACCENT_COLOR_NAME = AccentColor;
				ASSETCATALOG_COMPILER_INCLUDE_ALL_APPICON_ASSETS = YES;
				CODE_SIGN_ENTITLEMENTS = FlixorMac/FlixorMac.entitlements;
				CODE_SIGN_STYLE = Automatic;
				COMBINE_HIDPI_IMAGES = YES;
				CURRENT_PROJECT_VERSION = 1;
				DEVELOPMENT_ASSET_PATHS = "";
				DEVELOPMENT_TEAM = GGZ5B2R5VP;
				ENABLE_PREVIEWS = YES;
				GENERATE_INFOPLIST_FILE = YES;
				HEADER_SEARCH_PATHS = "$(PROJECT_DIR)/deps/include";
				INFOPLIST_KEY_CFBundleDisplayName = Flixor;
				INFOPLIST_KEY_LSApplicationCategoryType = "public.app-category.entertainment";
				INFOPLIST_KEY_NSHumanReadableCopyright = "";
				LD_RUNPATH_SEARCH_PATHS = (
					"$(inherited)",
					"@executable_path/../Frameworks",
				);
				LIBRARY_SEARCH_PATHS = "$(PROJECT_DIR)/deps/lib";
				MARKETING_VERSION = 1.0;
				OTHER_LDFLAGS = (
					"$(PROJECT_DIR)/deps/lib/libmpv.2.dylib",
					"-Wl,-rpath,@executable_path/../Frameworks",
				);
				PRODUCT_BUNDLE_IDENTIFIER = com.flixor.mac;
				PRODUCT_NAME = "$(TARGET_NAME)";
				SWIFT_EMIT_LOC_STRINGS = YES;
				SWIFT_OBJC_BRIDGING_HEADER = "FlixorMac/FlixorMac-Bridging-Header.h";
				SWIFT_VERSION = 5.0;
			};
			name = Debug;
		};
		H004 /* Release */ = {
			isa = XCBuildConfiguration;
			buildSettings = {
				ASSETCATALOG_COMPILER_APPICON_NAME = AppIcon;
				"ASSETCATALOG_COMPILER_APPICON_NAME[sdk=macosx*]" = AppIcon;
				ASSETCATALOG_COMPILER_GLOBAL_ACCENT_COLOR_NAME = AccentColor;
				ASSETCATALOG_COMPILER_INCLUDE_ALL_APPICON_ASSETS = YES;
				CODE_SIGN_ENTITLEMENTS = FlixorMac/FlixorMac.entitlements;
				CODE_SIGN_STYLE = Automatic;
				COMBINE_HIDPI_IMAGES = YES;
				CURRENT_PROJECT_VERSION = 1;
				DEVELOPMENT_ASSET_PATHS = "";
				DEVELOPMENT_TEAM = GGZ5B2R5VP;
				ENABLE_PREVIEWS = YES;
				GENERATE_INFOPLIST_FILE = YES;
				HEADER_SEARCH_PATHS = "$(PROJECT_DIR)/deps/include";
				INFOPLIST_KEY_CFBundleDisplayName = Flixor;
				INFOPLIST_KEY_LSApplicationCategoryType = "public.app-category.entertainment";
				INFOPLIST_KEY_NSHumanReadableCopyright = "";
				LD_RUNPATH_SEARCH_PATHS = (
					"$(inherited)",
					"@executable_path/../Frameworks",
				);
				LIBRARY_SEARCH_PATHS = "$(PROJECT_DIR)/deps/lib";
				MARKETING_VERSION = 1.0;
				OTHER_LDFLAGS = (
					"$(PROJECT_DIR)/deps/lib/libmpv.2.dylib",
					"-Wl,-rpath,@executable_path/../Frameworks",
				);
				PRODUCT_BUNDLE_IDENTIFIER = com.flixor.mac;
				PRODUCT_NAME = "$(TARGET_NAME)";
				SWIFT_EMIT_LOC_STRINGS = YES;
				SWIFT_OBJC_BRIDGING_HEADER = "FlixorMac/FlixorMac-Bridging-Header.h";
				SWIFT_VERSION = 5.0;
			};
			name = Release;
		};
/* End XCBuildConfiguration section */

/* Begin XCConfigurationList section */
		F001 /* Build configuration list for PBXNativeTarget "FlixorMac" */ = {
			isa = XCConfigurationList;
			buildConfigurations = (
				H003 /* Debug */,
				H004 /* Release */,
			);
			defaultConfigurationIsVisible = 0;
			defaultConfigurationName = Release;
		};
		F002 /* Build configuration list for PBXProject "FlixorMac" */ = {
			isa = XCConfigurationList;
			buildConfigurations = (
				H001 /* Debug */,
				H002 /* Release */,
			);
			defaultConfigurationIsVisible = 0;
			defaultConfigurationName = Release;
		};
/* End XCConfigurationList section */
	};
	rootObject = G001 /* Project object */;
}
